// !$*UTF8*$!
{
	archiveVersion = 1;
	classes = {
	};
	objectVersion = 56;
	objects = {

/* Begin PBXBuildFile section */
		11AF744F2A5401C400ADF147 /* AppDelegate.swift in Sources */ = {isa = PBXBuildFile; fileRef = 11AF744E2A5401C400ADF147 /* AppDelegate.swift */; };
		11AF74512A5401C400ADF147 /* SceneDelegate.swift in Sources */ = {isa = PBXBuildFile; fileRef = 11AF74502A5401C400ADF147 /* SceneDelegate.swift */; };
		11AF74532A5401C400ADF147 /* ViewController.swift in Sources */ = {isa = PBXBuildFile; fileRef = 11AF74522A5401C400ADF147 /* ViewController.swift */; };
		11AF74562A5401C400ADF147 /* Main.storyboard in Resources */ = {isa = PBXBuildFile; fileRef = 11AF74542A5401C400ADF147 /* Main.storyboard */; };
		11AF74582A5401C500ADF147 /* Assets.xcassets in Resources */ = {isa = PBXBuildFile; fileRef = 11AF74572A5401C500ADF147 /* Assets.xcassets */; };
		11AF745B2A5401C500ADF147 /* LaunchScreen.storyboard in Resources */ = {isa = PBXBuildFile; fileRef = 11AF74592A5401C500ADF147 /* LaunchScreen.storyboard */; };
		11AF74662A5401C500ADF147 /* Tab_Bar_CalismasiTests.swift in Sources */ = {isa = PBXBuildFile; fileRef = 11AF74652A5401C500ADF147 /* Tab_Bar_CalismasiTests.swift */; };
		11AF74702A5401C500ADF147 /* Tab_Bar_CalismasiUITests.swift in Sources */ = {isa = PBXBuildFile; fileRef = 11AF746F2A5401C500ADF147 /* Tab_Bar_CalismasiUITests.swift */; };
		11AF74722A5401C500ADF147 /* Tab_Bar_CalismasiUITestsLaunchTests.swift in Sources */ = {isa = PBXBuildFile; fileRef = 11AF74712A5401C500ADF147 /* Tab_Bar_CalismasiUITestsLaunchTests.swift */; };
/* End PBXBuildFile section */

/* Begin PBXContainerItemProxy section */
		11AF74622A5401C500ADF147 /* PBXContainerItemProxy */ = {
			isa = PBXContainerItemProxy;
			containerPortal = 11AF74432A5401C300ADF147 /* Project object */;
			proxyType = 1;
			remoteGlobalIDString = 11AF744A2A5401C300ADF147;
			remoteInfo = "Tab Bar Calismasi";
		};
		11AF746C2A5401C500ADF147 /* PBXContainerItemProxy */ = {
			isa = PBXContainerItemProxy;
			containerPortal = 11AF74432A5401C300ADF147 /* Project object */;
			proxyType = 1;
			remoteGlobalIDString = 11AF744A2A5401C300ADF147;
			remoteInfo = "Tab Bar Calismasi";
		};
/* End PBXContainerItemProxy section */

/* Begin PBXFileReference section */
		11AF744B2A5401C400ADF147 /* Tab Bar Calismasi.app */ = {isa = PBXFileReference; explicitFileType = wrapper.application; includeInIndex = 0; path = "Tab Bar Calismasi.app"; sourceTree = BUILT_PRODUCTS_DIR; };
		11AF744E2A5401C400ADF147 /* AppDelegate.swift */ = {isa = PBXFileReference; lastKnownFileType = sourcecode.swift; path = AppDelegate.swift; sourceTree = "<group>"; };
		11AF74502A5401C400ADF147 /* SceneDelegate.swift */ = {isa = PBXFileReference; lastKnownFileType = sourcecode.swift; path = SceneDelegate.swift; sourceTree = "<group>"; };
		11AF74522A5401C400ADF147 /* ViewController.swift */ = {isa = PBXFileReference; lastKnownFileType = sourcecode.swift; path = ViewController.swift; sourceTree = "<group>"; };
		11AF74552A5401C400ADF147 /* Base */ = {isa = PBXFileReference; lastKnownFileType = file.storyboard; name = Base; path = Base.lproj/Main.storyboard; sourceTree = "<group>"; };
		11AF74572A5401C500ADF147 /* Assets.xcassets */ = {isa = PBXFileReference; lastKnownFileType = folder.assetcatalog; path = Assets.xcassets; sourceTree = "<group>"; };
		11AF745A2A5401C500ADF147 /* Base */ = {isa = PBXFileReference; lastKnownFileType = file.storyboard; name = Base; path = Base.lproj/LaunchScreen.storyboard; sourceTree = "<group>"; };
		11AF745C2A5401C500ADF147 /* Info.plist */ = {isa = PBXFileReference; lastKnownFileType = text.plist.xml; path = Info.plist; sourceTree = "<group>"; };
		11AF74612A5401C500ADF147 /* Tab Bar CalismasiTests.xctest */ = {isa = PBXFileReference; explicitFileType = wrapper.cfbundle; includeInIndex = 0; path = "Tab Bar CalismasiTests.xctest"; sourceTree = BUILT_PRODUCTS_DIR; };
		11AF74652A5401C500ADF147 /* Tab_Bar_CalismasiTests.swift */ = {isa = PBXFileReference; lastKnownFileType = sourcecode.swift; path = Tab_Bar_CalismasiTests.swift; sourceTree = "<group>"; };
		11AF746B2A5401C500ADF147 /* Tab Bar CalismasiUITests.xctest */ = {isa = PBXFileReference; explicitFileType = wrapper.cfbundle; includeInIndex = 0; path = "Tab Bar CalismasiUITests.xctest"; sourceTree = BUILT_PRODUCTS_DIR; };
		11AF746F2A5401C500ADF147 /* Tab_Bar_CalismasiUITests.swift */ = {isa = PBXFileReference; lastKnownFileType = sourcecode.swift; path = Tab_Bar_CalismasiUITests.swift; sourceTree = "<group>"; };
		11AF74712A5401C500ADF147 /* Tab_Bar_CalismasiUITestsLaunchTests.swift */ = {isa = PBXFileReference; lastKnownFileType = sourcecode.swift; path = Tab_Bar_CalismasiUITestsLaunchTests.swift; sourceTree = "<group>"; };
/* End PBXFileReference section */

/* Begin PBXFrameworksBuildPhase section */
		11AF74482A5401C300ADF147 /* Frameworks */ = {
			isa = PBXFrameworksBuildPhase;
			buildActionMask = 2147483647;
			files = (
			);
			runOnlyForDeploymentPostprocessing = 0;
		};
		11AF745E2A5401C500ADF147 /* Frameworks */ = {
			isa = PBXFrameworksBuildPhase;
			buildActionMask = 2147483647;
			files = (
			);
			runOnlyForDeploymentPostprocessing = 0;
		};
		11AF74682A5401C500ADF147 /* Frameworks */ = {
			isa = PBXFrameworksBuildPhase;
			buildActionMask = 2147483647;
			files = (
			);
			runOnlyForDeploymentPostprocessing = 0;
		};
/* End PBXFrameworksBuildPhase section */

/* Begin PBXGroup section */
		11AF74422A5401C300ADF147 = {
			isa = PBXGroup;
			children = (
				11AF744D2A5401C400ADF147 /* Tab Bar Calismasi */,
				11AF74642A5401C500ADF147 /* Tab Bar CalismasiTests */,
				11AF746E2A5401C500ADF147 /* Tab Bar CalismasiUITests */,
				11AF744C2A5401C400ADF147 /* Products */,
			);
			sourceTree = "<group>";
		};
		11AF744C2A5401C400ADF147 /* Products */ = {
			isa = PBXGroup;
			children = (
				11AF744B2A5401C400ADF147 /* Tab Bar Calismasi.app */,
				11AF74612A5401C500ADF147 /* Tab Bar CalismasiTests.xctest */,
				11AF746B2A5401C500ADF147 /* Tab Bar CalismasiUITests.xctest */,
			);
			name = Products;
			sourceTree = "<group>";
		};
		11AF744D2A5401C400ADF147 /* Tab Bar Calismasi */ = {
			isa = PBXGroup;
			children = (
				11AF744E2A5401C400ADF147 /* AppDelegate.swift */,
				11AF74502A5401C400ADF147 /* SceneDelegate.swift */,
				11AF74522A5401C400ADF147 /* ViewController.swift */,
				11AF74542A5401C400ADF147 /* Main.storyboard */,
				11AF74572A5401C500ADF147 /* Assets.xcassets */,
				11AF74592A5401C500ADF147 /* LaunchScreen.storyboard */,
				11AF745C2A5401C500ADF147 /* Info.plist */,
			);
			path = "Tab Bar Calismasi";
			sourceTree = "<group>";
		};
		11AF74642A5401C500ADF147 /* Tab Bar CalismasiTests */ = {
			isa = PBXGroup;
			children = (
				11AF74652A5401C500ADF147 /* Tab_Bar_CalismasiTests.swift */,
			);
			path = "Tab Bar CalismasiTests";
			sourceTree = "<group>";
		};
		11AF746E2A5401C500ADF147 /* Tab Bar CalismasiUITests */ = {
			isa = PBXGroup;
			children = (
				11AF746F2A5401C500ADF147 /* Tab_Bar_CalismasiUITests.swift */,
				11AF74712A5401C500ADF147 /* Tab_Bar_CalismasiUITestsLaunchTests.swift */,
			);
			path = "Tab Bar CalismasiUITests";
			sourceTree = "<group>";
		};
/* End PBXGroup section */

/* Begin PBXNativeTarget section */
		11AF744A2A5401C300ADF147 /* Tab Bar Calismasi */ = {
			isa = PBXNativeTarget;
			buildConfigurationList = 11AF74752A5401C500ADF147 /* Build configuration list for PBXNativeTarget "Tab Bar Calismasi" */;
			buildPhases = (
				11AF74472A5401C300ADF147 /* Sources */,
				11AF74482A5401C300ADF147 /* Frameworks */,
				11AF74492A5401C300ADF147 /* Resources */,
			);
			buildRules = (
			);
			dependencies = (
			);
			name = "Tab Bar Calismasi";
			productName = "Tab Bar Calismasi";
			productReference = 11AF744B2A5401C400ADF147 /* Tab Bar Calismasi.app */;
			productType = "com.apple.product-type.application";
		};
		11AF74602A5401C500ADF147 /* Tab Bar CalismasiTests */ = {
			isa = PBXNativeTarget;
			buildConfigurationList = 11AF74782A5401C500ADF147 /* Build configuration list for PBXNativeTarget "Tab Bar CalismasiTests" */;
			buildPhases = (
				11AF745D2A5401C500ADF147 /* Sources */,
				11AF745E2A5401C500ADF147 /* Frameworks */,
				11AF745F2A5401C500ADF147 /* Resources */,
			);
			buildRules = (
			);
			dependencies = (
				11AF74632A5401C500ADF147 /* PBXTargetDependency */,
			);
			name = "Tab Bar CalismasiTests";
			productName = "Tab Bar CalismasiTests";
			productReference = 11AF74612A5401C500ADF147 /* Tab Bar CalismasiTests.xctest */;
			productType = "com.apple.product-type.bundle.unit-test";
		};
		11AF746A2A5401C500ADF147 /* Tab Bar CalismasiUITests */ = {
			isa = PBXNativeTarget;
			buildConfigurationList = 11AF747B2A5401C500ADF147 /* Build configuration list for PBXNativeTarget "Tab Bar CalismasiUITests" */;
			buildPhases = (
				11AF74672A5401C500ADF147 /* Sources */,
				11AF74682A5401C500ADF147 /* Frameworks */,
				11AF74692A5401C500ADF147 /* Resources */,
			);
			buildRules = (
			);
			dependencies = (
				11AF746D2A5401C500ADF147 /* PBXTargetDependency */,
			);
			name = "Tab Bar CalismasiUITests";
			productName = "Tab Bar CalismasiUITests";
			productReference = 11AF746B2A5401C500ADF147 /* Tab Bar CalismasiUITests.xctest */;
			productType = "com.apple.product-type.bundle.ui-testing";
		};
/* End PBXNativeTarget section */

/* Begin PBXProject section */
		11AF74432A5401C300ADF147 /* Project object */ = {
			isa = PBXProject;
			attributes = {
				BuildIndependentTargetsInParallel = 1;
				LastSwiftUpdateCheck = 1430;
				LastUpgradeCheck = 1430;
				TargetAttributes = {
					11AF744A2A5401C300ADF147 = {
						CreatedOnToolsVersion = 14.3.1;
					};
					11AF74602A5401C500ADF147 = {
						CreatedOnToolsVersion = 14.3.1;
						TestTargetID = 11AF744A2A5401C300ADF147;
					};
					11AF746A2A5401C500ADF147 = {
						CreatedOnToolsVersion = 14.3.1;
						TestTargetID = 11AF744A2A5401C300ADF147;
					};
				};
			};
			buildConfigurationList = 11AF74462A5401C300ADF147 /* Build configuration list for PBXProject "Tab Bar Calismasi" */;
			compatibilityVersion = "Xcode 14.0";
			developmentRegion = en;
			hasScannedForEncodings = 0;
			knownRegions = (
				en,
				Base,
			);
			mainGroup = 11AF74422A5401C300ADF147;
			productRefGroup = 11AF744C2A5401C400ADF147 /* Products */;
			projectDirPath = "";
			projectRoot = "";
			targets = (
				11AF744A2A5401C300ADF147 /* Tab Bar Calismasi */,
				11AF74602A5401C500ADF147 /* Tab Bar CalismasiTests */,
				11AF746A2A5401C500ADF147 /* Tab Bar CalismasiUITests */,
			);
		};
/* End PBXProject section */

/* Begin PBXResourcesBuildPhase section */
		11AF74492A5401C300ADF147 /* Resources */ = {
			isa = PBXResourcesBuildPhase;
			buildActionMask = 2147483647;
			files = (
				11AF745B2A5401C500ADF147 /* LaunchScreen.storyboard in Resources */,
				11AF74582A5401C500ADF147 /* Assets.xcassets in Resources */,
				11AF74562A5401C400ADF147 /* Main.storyboard in Resources */,
			);
			runOnlyForDeploymentPostprocessing = 0;
		};
		11AF745F2A5401C500ADF147 /* Resources */ = {
			isa = PBXResourcesBuildPhase;
			buildActionMask = 2147483647;
			files = (
			);
			runOnlyForDeploymentPostprocessing = 0;
		};
		11AF74692A5401C500ADF147 /* Resources */ = {
			isa = PBXResourcesBuildPhase;
			buildActionMask = 2147483647;
			files = (
			);
			runOnlyForDeploymentPostprocessing = 0;
		};
/* End PBXResourcesBuildPhase section */

/* Begin PBXSourcesBuildPhase section */
		11AF74472A5401C300ADF147 /* Sources */ = {
			isa = PBXSourcesBuildPhase;
			buildActionMask = 2147483647;
			files = (
				11AF74532A5401C400ADF147 /* ViewController.swift in Sources */,
				11AF744F2A5401C400ADF147 /* AppDelegate.swift in Sources */,
				11AF74512A5401C400ADF147 /* SceneDelegate.swift in Sources */,
			);
			runOnlyForDeploymentPostprocessing = 0;
		};
		11AF745D2A5401C500ADF147 /* Sources */ = {
			isa = PBXSourcesBuildPhase;
			buildActionMask = 2147483647;
			files = (
				11AF74662A5401C500ADF147 /* Tab_Bar_CalismasiTests.swift in Sources */,
			);
			runOnlyForDeploymentPostprocessing = 0;
		};
		11AF74672A5401C500ADF147 /* Sources */ = {
			isa = PBXSourcesBuildPhase;
			buildActionMask = 2147483647;
			files = (
				11AF74702A5401C500ADF147 /* Tab_Bar_CalismasiUITests.swift in Sources */,
				11AF74722A5401C500ADF147 /* Tab_Bar_CalismasiUITestsLaunchTests.swift in Sources */,
			);
			runOnlyForDeploymentPostprocessing = 0;
		};
/* End PBXSourcesBuildPhase section */

/* Begin PBXTargetDependency section */
		11AF74632A5401C500ADF147 /* PBXTargetDependency */ = {
			isa = PBXTargetDependency;
			target = 11AF744A2A5401C300ADF147 /* Tab Bar Calismasi */;
			targetProxy = 11AF74622A5401C500ADF147 /* PBXContainerItemProxy */;
		};
		11AF746D2A5401C500ADF147 /* PBXTargetDependency */ = {
			isa = PBXTargetDependency;
			target = 11AF744A2A5401C300ADF147 /* Tab Bar Calismasi */;
			targetProxy = 11AF746C2A5401C500ADF147 /* PBXContainerItemProxy */;
		};
/* End PBXTargetDependency section */

/* Begin PBXVariantGroup section */
		11AF74542A5401C400ADF147 /* Main.storyboard */ = {
			isa = PBXVariantGroup;
			children = (
				11AF74552A5401C400ADF147 /* Base */,
			);
			name = Main.storyboard;
			sourceTree = "<group>";
		};
		11AF74592A5401C500ADF147 /* LaunchScreen.storyboard */ = {
			isa = PBXVariantGroup;
			children = (
				11AF745A2A5401C500ADF147 /* Base */,
			);
			name = LaunchScreen.storyboard;
			sourceTree = "<group>";
		};
/* End PBXVariantGroup section */

/* Begin XCBuildConfiguration section */
		11AF74732A5401C500ADF147 /* Debug */ = {
			isa = XCBuildConfiguration;
			buildSettings = {
				ALWAYS_SEARCH_USER_PATHS = NO;
				CLANG_ANALYZER_NONNULL = YES;
				CLANG_ANALYZER_NUMBER_OBJECT_CONVERSION = YES_AGGRESSIVE;
				CLANG_CXX_LANGUAGE_STANDARD = "gnu++20";
				CLANG_ENABLE_MODULES = YES;
				CLANG_ENABLE_OBJC_ARC = YES;
				CLANG_ENABLE_OBJC_WEAK = YES;
				CLANG_WARN_BLOCK_CAPTURE_AUTORELEASING = YES;
				CLANG_WARN_BOOL_CONVERSION = YES;
				CLANG_WARN_COMMA = YES;
				CLANG_WARN_CONSTANT_CONVERSION = YES;
				CLANG_WARN_DEPRECATED_OBJC_IMPLEMENTATIONS = YES;
				CLANG_WARN_DIRECT_OBJC_ISA_USAGE = YES_ERROR;
				CLANG_WARN_DOCUMENTATION_COMMENTS = YES;
				CLANG_WARN_EMPTY_BODY = YES;
				CLANG_WARN_ENUM_CONVERSION = YES;
				CLANG_WARN_INFINITE_RECURSION = YES;
				CLANG_WARN_INT_CONVERSION = YES;
				CLANG_WARN_NON_LITERAL_NULL_CONVERSION = YES;
				CLANG_WARN_OBJC_IMPLICIT_RETAIN_SELF = YES;
				CLANG_WARN_OBJC_LITERAL_CONVERSION = YES;
				CLANG_WARN_OBJC_ROOT_CLASS = YES_ERROR;
				CLANG_WARN_QUOTED_INCLUDE_IN_FRAMEWORK_HEADER = YES;
				CLANG_WARN_RANGE_LOOP_ANALYSIS = YES;
				CLANG_WARN_STRICT_PROTOTYPES = YES;
				CLANG_WARN_SUSPICIOUS_MOVE = YES;
				CLANG_WARN_UNGUARDED_AVAILABILITY = YES_AGGRESSIVE;
				CLANG_WARN_UNREACHABLE_CODE = YES;
				CLANG_WARN__DUPLICATE_METHOD_MATCH = YES;
				COPY_PHASE_STRIP = NO;
				DEBUG_INFORMATION_FORMAT = dwarf;
				ENABLE_STRICT_OBJC_MSGSEND = YES;
				ENABLE_TESTABILITY = YES;
				GCC_C_LANGUAGE_STANDARD = gnu11;
				GCC_DYNAMIC_NO_PIC = NO;
				GCC_NO_COMMON_BLOCKS = YES;
				GCC_OPTIMIZATION_LEVEL = 0;
				GCC_PREPROCESSOR_DEFINITIONS = (
					"DEBUG=1",
					"$(inherited)",
				);
				GCC_WARN_64_TO_32_BIT_CONVERSION = YES;
				GCC_WARN_ABOUT_RETURN_TYPE = YES_ERROR;
				GCC_WARN_UNDECLARED_SELECTOR = YES;
				GCC_WARN_UNINITIALIZED_AUTOS = YES_AGGRESSIVE;
				GCC_WARN_UNUSED_FUNCTION = YES;
				GCC_WARN_UNUSED_VARIABLE = YES;
				IPHONEOS_DEPLOYMENT_TARGET = 16.4;
				MTL_ENABLE_DEBUG_INFO = INCLUDE_SOURCE;
				MTL_FAST_MATH = YES;
				ONLY_ACTIVE_ARCH = YES;
				SDKROOT = iphoneos;
				SWIFT_ACTIVE_COMPILATION_CONDITIONS = DEBUG;
				SWIFT_OPTIMIZATION_LEVEL = "-Onone";
			};
			name = Debug;
		};
		11AF74742A5401C500ADF147 /* Release */ = {
			isa = XCBuildConfiguration;
			buildSettings = {
				ALWAYS_SEARCH_USER_PATHS = NO;
				CLANG_ANALYZER_NONNULL = YES;
				CLANG_ANALYZER_NUMBER_OBJECT_CONVERSION = YES_AGGRESSIVE;
				CLANG_CXX_LANGUAGE_STANDARD = "gnu++20";
				CLANG_ENABLE_MODULES = YES;
				CLANG_ENABLE_OBJC_ARC = YES;
				CLANG_ENABLE_OBJC_WEAK = YES;
				CLANG_WARN_BLOCK_CAPTURE_AUTORELEASING = YES;
				CLANG_WARN_BOOL_CONVERSION = YES;
				CLANG_WARN_COMMA = YES;
				CLANG_WARN_CONSTANT_CONVERSION = YES;
				CLANG_WARN_DEPRECATED_OBJC_IMPLEMENTATIONS = YES;
				CLANG_WARN_DIRECT_OBJC_ISA_USAGE = YES_ERROR;
				CLANG_WARN_DOCUMENTATION_COMMENTS = YES;
				CLANG_WARN_EMPTY_BODY = YES;
				CLANG_WARN_ENUM_CONVERSION = YES;
				CLANG_WARN_INFINITE_RECURSION = YES;
				CLANG_WARN_INT_CONVERSION = YES;
				CLANG_WARN_NON_LITERAL_NULL_CONVERSION = YES;
				CLANG_WARN_OBJC_IMPLICIT_RETAIN_SELF = YES;
				CLANG_WARN_OBJC_LITERAL_CONVERSION = YES;
				CLANG_WARN_OBJC_ROOT_CLASS = YES_ERROR;
				CLANG_WARN_QUOTED_INCLUDE_IN_FRAMEWORK_HEADER = YES;
				CLANG_WARN_RANGE_LOOP_ANALYSIS = YES;
				CLANG_WARN_STRICT_PROTOTYPES = YES;
				CLANG_WARN_SUSPICIOUS_MOVE = YES;
				CLANG_WARN_UNGUARDED_AVAILABILITY = YES_AGGRESSIVE;
				CLANG_WARN_UNREACHABLE_CODE = YES;
				CLANG_WARN__DUPLICATE_METHOD_MATCH = YES;
				COPY_PHASE_STRIP = NO;
				DEBUG_INFORMATION_FORMAT = "dwarf-with-dsym";
				ENABLE_NS_ASSERTIONS = NO;
				ENABLE_STRICT_OBJC_MSGSEND = YES;
				GCC_C_LANGUAGE_STANDARD = gnu11;
				GCC_NO_COMMON_BLOCKS = YES;
				GCC_WARN_64_TO_32_BIT_CONVERSION = YES;
				GCC_WARN_ABOUT_RETURN_TYPE = YES_ERROR;
				GCC_WARN_UNDECLARED_SELECTOR = YES;
				GCC_WARN_UNINITIALIZED_AUTOS = YES_AGGRESSIVE;
				GCC_WARN_UNUSED_FUNCTION = YES;
				GCC_WARN_UNUSED_VARIABLE = YES;
				IPHONEOS_DEPLOYMENT_TARGET = 16.4;
				MTL_ENABLE_DEBUG_INFO = NO;
				MTL_FAST_MATH = YES;
				SDKROOT = iphoneos;
				SWIFT_COMPILATION_MODE = wholemodule;
				SWIFT_OPTIMIZATION_LEVEL = "-O";
				VALIDATE_PRODUCT = YES;
			};
			name = Release;
		};
		11AF74762A5401C500ADF147 /* Debug */ = {
			isa = XCBuildConfiguration;
			buildSettings = {
				ASSETCATALOG_COMPILER_APPICON_NAME = AppIcon;
				ASSETCATALOG_COMPILER_GLOBAL_ACCENT_COLOR_NAME = AccentColor;
				CODE_SIGN_STYLE = Automatic;
				CURRENT_PROJECT_VERSION = 1;
				GENERATE_INFOPLIST_FILE = YES;
				INFOPLIST_FILE = "Tab Bar Calismasi/Info.plist";
				INFOPLIST_KEY_UIApplicationSupportsIndirectInputEvents = YES;
				INFOPLIST_KEY_UILaunchStoryboardName = LaunchScreen;
				INFOPLIST_KEY_UIMainStoryboardFile = Main;
				INFOPLIST_KEY_UISupportedInterfaceOrientations_iPad = "UIInterfaceOrientationPortrait UIInterfaceOrientationPortraitUpsideDown UIInterfaceOrientationLandscapeLeft UIInterfaceOrientationLandscapeRight";
				INFOPLIST_KEY_UISupportedInterfaceOrientations_iPhone = "UIInterfaceOrientationPortrait UIInterfaceOrientationLandscapeLeft UIInterfaceOrientationLandscapeRight";
				LD_RUNPATH_SEARCH_PATHS = (
					"$(inherited)",
					"@executable_path/Frameworks",
				);
				MARKETING_VERSION = 1.0;
				PRODUCT_BUNDLE_IDENTIFIER = "info.Tab-Bar-Calismasi";
				PRODUCT_NAME = "$(TARGET_NAME)";
				SWIFT_EMIT_LOC_STRINGS = YES;
				SWIFT_VERSION = 5.0;
				TARGETED_DEVICE_FAMILY = "1,2";
			};
			name = Debug;
		};
		11AF74772A5401C500ADF147 /* Release */ = {
			isa = XCBuildConfiguration;
			buildSettings = {
				ASSETCATALOG_COMPILER_APPICON_NAME = AppIcon;
				ASSETCATALOG_COMPILER_GLOBAL_ACCENT_COLOR_NAME = AccentColor;
				CODE_SIGN_STYLE = Automatic;
				CURRENT_PROJECT_VERSION = 1;
				GENERATE_INFOPLIST_FILE = YES;
				INFOPLIST_FILE = "Tab Bar Calismasi/Info.plist";
				INFOPLIST_KEY_UIApplicationSupportsIndirectInputEvents = YES;
				INFOPLIST_KEY_UILaunchStoryboardName = LaunchScreen;
				INFOPLIST_KEY_UIMainStoryboardFile = Main;
				INFOPLIST_KEY_UISupportedInterfaceOrientations_iPad = "UIInterfaceOrientationPortrait UIInterfaceOrientationPortraitUpsideDown UIInterfaceOrientationLandscapeLeft UIInterfaceOrientationLandscapeRight";
				INFOPLIST_KEY_UISupportedInterfaceOrientations_iPhone = "UIInterfaceOrientationPortrait UIInterfaceOrientationLandscapeLeft UIInterfaceOrientationLandscapeRight";
				LD_RUNPATH_SEARCH_PATHS = (
					"$(inherited)",
					"@executable_path/Frameworks",
				);
				MARKETING_VERSION = 1.0;
				PRODUCT_BUNDLE_IDENTIFIER = "info.Tab-Bar-Calismasi";
				PRODUCT_NAME = "$(TARGET_NAME)";
				SWIFT_EMIT_LOC_STRINGS = YES;
				SWIFT_VERSION = 5.0;
				TARGETED_DEVICE_FAMILY = "1,2";
			};
			name = Release;
		};
		11AF74792A5401C500ADF147 /* Debug */ = {
			isa = XCBuildConfiguration;
			buildSettings = {
				ALWAYS_EMBED_SWIFT_STANDARD_LIBRARIES = YES;
				BUNDLE_LOADER = "$(TEST_HOST)";
				CODE_SIGN_STYLE = Automatic;
				CURRENT_PROJECT_VERSION = 1;
				GENERATE_INFOPLIST_FILE = YES;
				IPHONEOS_DEPLOYMENT_TARGET = 16.4;
				MARKETING_VERSION = 1.0;
				PRODUCT_BUNDLE_IDENTIFIER = "info.Tab-Bar-CalismasiTests";
				PRODUCT_NAME = "$(TARGET_NAME)";
				SWIFT_EMIT_LOC_STRINGS = NO;
				SWIFT_VERSION = 5.0;
				TARGETED_DEVICE_FAMILY = "1,2";
				TEST_HOST = "$(BUILT_PRODUCTS_DIR)/Tab Bar Calismasi.app/$(BUNDLE_EXECUTABLE_FOLDER_PATH)/Tab Bar Calismasi";
			};
			name = Debug;
		};
		11AF747A2A5401C500ADF147 /* Release */ = {
			isa = XCBuildConfiguration;
			buildSettings = {
				ALWAYS_EMBED_SWIFT_STANDARD_LIBRARIES = YES;
				BUNDLE_LOADER = "$(TEST_HOST)";
				CODE_SIGN_STYLE = Automatic;
				CURRENT_PROJECT_VERSION = 1;
				GENERATE_INFOPLIST_FILE = YES;
				IPHONEOS_DEPLOYMENT_TARGET = 16.4;
				MARKETING_VERSION = 1.0;
				PRODUCT_BUNDLE_IDENTIFIER = "info.Tab-Bar-CalismasiTests";
				PRODUCT_NAME = "$(TARGET_NAME)";
				SWIFT_EMIT_LOC_STRINGS = NO;
				SWIFT_VERSION = 5.0;
				TARGETED_DEVICE_FAMILY = "1,2";
				TEST_HOST = "$(BUILT_PRODUCTS_DIR)/Tab Bar Calismasi.app/$(BUNDLE_EXECUTABLE_FOLDER_PATH)/Tab Bar Calismasi";
			};
			name = Release;
		};
		11AF747C2A5401C500ADF147 /* Debug */ = {
			isa = XCBuildConfiguration;
			buildSettings = {
				ALWAYS_EMBED_SWIFT_STANDARD_LIBRARIES = YES;
				CODE_SIGN_STYLE = Automatic;
				CURRENT_PROJECT_VERSION = 1;
				GENERATE_INFOPLIST_FILE = YES;
				MARKETING_VERSION = 1.0;
				PRODUCT_BUNDLE_IDENTIFIER = "info.Tab-Bar-CalismasiUITests";
				PRODUCT_NAME = "$(TARGET_NAME)";
				SWIFT_EMIT_LOC_STRINGS = NO;
				SWIFT_VERSION = 5.0;
				TARGETED_DEVICE_FAMILY = "1,2";
				TEST_TARGET_NAME = "Tab Bar Calismasi";
			};
			name = Debug;
		};
		11AF747D2A5401C500ADF147 /* Release */ = {
			isa = XCBuildConfiguration;
			buildSettings = {
				ALWAYS_EMBED_SWIFT_STANDARD_LIBRARIES = YES;
				CODE_SIGN_STYLE = Automatic;
				CURRENT_PROJECT_VERSION = 1;
				GENERATE_INFOPLIST_FILE = YES;
				MARKETING_VERSION = 1.0;
				PRODUCT_BUNDLE_IDENTIFIER = "info.Tab-Bar-CalismasiUITests";
				PRODUCT_NAME = "$(TARGET_NAME)";
				SWIFT_EMIT_LOC_STRINGS = NO;
				SWIFT_VERSION = 5.0;
				TARGETED_DEVICE_FAMILY = "1,2";
				TEST_TARGET_NAME = "Tab Bar Calismasi";
			};
			name = Release;
		};
/* End XCBuildConfiguration section */

/* Begin XCConfigurationList section */
		11AF74462A5401C300ADF147 /* Build configuration list for PBXProject "Tab Bar Calismasi" */ = {
			isa = XCConfigurationList;
			buildConfigurations = (
				11AF74732A5401C500ADF147 /* Debug */,
				11AF74742A5401C500ADF147 /* Release */,
			);
			defaultConfigurationIsVisible = 0;
			defaultConfigurationName = Release;
		};
		11AF74752A5401C500ADF147 /* Build configuration list for PBXNativeTarget "Tab Bar Calismasi" */ = {
			isa = XCConfigurationList;
			buildConfigurations = (
				11AF74762A5401C500ADF147 /* Debug */,
				11AF74772A5401C500ADF147 /* Release */,
			);
			defaultConfigurationIsVisible = 0;
			defaultConfigurationName = Release;
		};
		11AF74782A5401C500ADF147 /* Build configuration list for PBXNativeTarget "Tab Bar CalismasiTests" */ = {
			isa = XCConfigurationList;
			buildConfigurations = (
				11AF74792A5401C500ADF147 /* Debug */,
				11AF747A2A5401C500ADF147 /* Release */,
			);
			defaultConfigurationIsVisible = 0;
			defaultConfigurationName = Release;
		};
		11AF747B2A5401C500ADF147 /* Build configuration list for PBXNativeTarget "Tab Bar CalismasiUITests" */ = {
			isa = XCConfigurationList;
			buildConfigurations = (
				11AF747C2A5401C500ADF147 /* Debug */,
				11AF747D2A5401C500ADF147 /* Release */,
			);
			defaultConfigurationIsVisible = 0;
			defaultConfigurationName = Release;
		};
/* End XCConfigurationList section */
	};
	rootObject = 11AF74432A5401C300ADF147 /* Project object */;
}
