// !$*UTF8*$!
{
	archiveVersion = 1;
	classes = {
	};
	objectVersion = 56;
	objects = {

/* Begin PBXBuildFile section */
		117AE8982A7A4A1A00343907 /* AppDelegate.swift in Sources */ = {isa = PBXBuildFile; fileRef = 117AE8972A7A4A1A00343907 /* AppDelegate.swift */; };
		117AE89A2A7A4A1A00343907 /* SceneDelegate.swift in Sources */ = {isa = PBXBuildFile; fileRef = 117AE8992A7A4A1A00343907 /* SceneDelegate.swift */; };
		117AE89C2A7A4A1A00343907 /* ViewController.swift in Sources */ = {isa = PBXBuildFile; fileRef = 117AE89B2A7A4A1A00343907 /* ViewController.swift */; };
		117AE89F2A7A4A1A00343907 /* Main.storyboard in Resources */ = {isa = PBXBuildFile; fileRef = 117AE89D2A7A4A1A00343907 /* Main.storyboard */; };
		117AE8A12A7A4A1C00343907 /* Assets.xcassets in Resources */ = {isa = PBXBuildFile; fileRef = 117AE8A02A7A4A1C00343907 /* Assets.xcassets */; };
		117AE8A42A7A4A1C00343907 /* LaunchScreen.storyboard in Resources */ = {isa = PBXBuildFile; fileRef = 117AE8A22A7A4A1C00343907 /* LaunchScreen.storyboard */; };
		117AE8AF2A7A4A1C00343907 /* PickerView_KullanimiTests.swift in Sources */ = {isa = PBXBuildFile; fileRef = 117AE8AE2A7A4A1C00343907 /* PickerView_KullanimiTests.swift */; };
		117AE8B92A7A4A1C00343907 /* PickerView_KullanimiUITests.swift in Sources */ = {isa = PBXBuildFile; fileRef = 117AE8B82A7A4A1C00343907 /* PickerView_KullanimiUITests.swift */; };
		117AE8BB2A7A4A1C00343907 /* PickerView_KullanimiUITestsLaunchTests.swift in Sources */ = {isa = PBXBuildFile; fileRef = 117AE8BA2A7A4A1C00343907 /* PickerView_KullanimiUITestsLaunchTests.swift */; };
/* End PBXBuildFile section */

/* Begin PBXContainerItemProxy section */
		117AE8AB2A7A4A1C00343907 /* PBXContainerItemProxy */ = {
			isa = PBXContainerItemProxy;
			containerPortal = 117AE88C2A7A4A1A00343907 /* Project object */;
			proxyType = 1;
			remoteGlobalIDString = 117AE8932A7A4A1A00343907;
			remoteInfo = "PickerView Kullanimi";
		};
		117AE8B52A7A4A1C00343907 /* PBXContainerItemProxy */ = {
			isa = PBXContainerItemProxy;
			containerPortal = 117AE88C2A7A4A1A00343907 /* Project object */;
			proxyType = 1;
			remoteGlobalIDString = 117AE8932A7A4A1A00343907;
			remoteInfo = "PickerView Kullanimi";
		};
/* End PBXContainerItemProxy section */

/* Begin PBXFileReference section */
		117AE8942A7A4A1A00343907 /* PickerView Kullanimi.app */ = {isa = PBXFileReference; explicitFileType = wrapper.application; includeInIndex = 0; path = "PickerView Kullanimi.app"; sourceTree = BUILT_PRODUCTS_DIR; };
		117AE8972A7A4A1A00343907 /* AppDelegate.swift */ = {isa = PBXFileReference; lastKnownFileType = sourcecode.swift; path = AppDelegate.swift; sourceTree = "<group>"; };
		117AE8992A7A4A1A00343907 /* SceneDelegate.swift */ = {isa = PBXFileReference; lastKnownFileType = sourcecode.swift; path = SceneDelegate.swift; sourceTree = "<group>"; };
		117AE89B2A7A4A1A00343907 /* ViewController.swift */ = {isa = PBXFileReference; lastKnownFileType = sourcecode.swift; path = ViewController.swift; sourceTree = "<group>"; };
		117AE89E2A7A4A1A00343907 /* Base */ = {isa = PBXFileReference; lastKnownFileType = file.storyboard; name = Base; path = Base.lproj/Main.storyboard; sourceTree = "<group>"; };
		117AE8A02A7A4A1C00343907 /* Assets.xcassets */ = {isa = PBXFileReference; lastKnownFileType = folder.assetcatalog; path = Assets.xcassets; sourceTree = "<group>"; };
		117AE8A32A7A4A1C00343907 /* Base */ = {isa = PBXFileReference; lastKnownFileType = file.storyboard; name = Base; path = Base.lproj/LaunchScreen.storyboard; sourceTree = "<group>"; };
		117AE8A52A7A4A1C00343907 /* Info.plist */ = {isa = PBXFileReference; lastKnownFileType = text.plist.xml; path = Info.plist; sourceTree = "<group>"; };
		117AE8AA2A7A4A1C00343907 /* PickerView KullanimiTests.xctest */ = {isa = PBXFileReference; explicitFileType = wrapper.cfbundle; includeInIndex = 0; path = "PickerView KullanimiTests.xctest"; sourceTree = BUILT_PRODUCTS_DIR; };
		117AE8AE2A7A4A1C00343907 /* PickerView_KullanimiTests.swift */ = {isa = PBXFileReference; lastKnownFileType = sourcecode.swift; path = PickerView_KullanimiTests.swift; sourceTree = "<group>"; };
		117AE8B42A7A4A1C00343907 /* PickerView KullanimiUITests.xctest */ = {isa = PBXFileReference; explicitFileType = wrapper.cfbundle; includeInIndex = 0; path = "PickerView KullanimiUITests.xctest"; sourceTree = BUILT_PRODUCTS_DIR; };
		117AE8B82A7A4A1C00343907 /* PickerView_KullanimiUITests.swift */ = {isa = PBXFileReference; lastKnownFileType = sourcecode.swift; path = PickerView_KullanimiUITests.swift; sourceTree = "<group>"; };
		117AE8BA2A7A4A1C00343907 /* PickerView_KullanimiUITestsLaunchTests.swift */ = {isa = PBXFileReference; lastKnownFileType = sourcecode.swift; path = PickerView_KullanimiUITestsLaunchTests.swift; sourceTree = "<group>"; };
/* End PBXFileReference section */

/* Begin PBXFrameworksBuildPhase section */
		117AE8912A7A4A1A00343907 /* Frameworks */ = {
			isa = PBXFrameworksBuildPhase;
			buildActionMask = 2147483647;
			files = (
			);
			runOnlyForDeploymentPostprocessing = 0;
		};
		117AE8A72A7A4A1C00343907 /* Frameworks */ = {
			isa = PBXFrameworksBuildPhase;
			buildActionMask = 2147483647;
			files = (
			);
			runOnlyForDeploymentPostprocessing = 0;
		};
		117AE8B12A7A4A1C00343907 /* Frameworks */ = {
			isa = PBXFrameworksBuildPhase;
			buildActionMask = 2147483647;
			files = (
			);
			runOnlyForDeploymentPostprocessing = 0;
		};
/* End PBXFrameworksBuildPhase section */

/* Begin PBXGroup section */
		117AE88B2A7A4A1A00343907 = {
			isa = PBXGroup;
			children = (
				117AE8962A7A4A1A00343907 /* PickerView Kullanimi */,
				117AE8AD2A7A4A1C00343907 /* PickerView KullanimiTests */,
				117AE8B72A7A4A1C00343907 /* PickerView KullanimiUITests */,
				117AE8952A7A4A1A00343907 /* Products */,
			);
			sourceTree = "<group>";
		};
		117AE8952A7A4A1A00343907 /* Products */ = {
			isa = PBXGroup;
			children = (
				117AE8942A7A4A1A00343907 /* PickerView Kullanimi.app */,
				117AE8AA2A7A4A1C00343907 /* PickerView KullanimiTests.xctest */,
				117AE8B42A7A4A1C00343907 /* PickerView KullanimiUITests.xctest */,
			);
			name = Products;
			sourceTree = "<group>";
		};
		117AE8962A7A4A1A00343907 /* PickerView Kullanimi */ = {
			isa = PBXGroup;
			children = (
				117AE8972A7A4A1A00343907 /* AppDelegate.swift */,
				117AE8992A7A4A1A00343907 /* SceneDelegate.swift */,
				117AE89B2A7A4A1A00343907 /* ViewController.swift */,
				117AE89D2A7A4A1A00343907 /* Main.storyboard */,
				117AE8A02A7A4A1C00343907 /* Assets.xcassets */,
				117AE8A22A7A4A1C00343907 /* LaunchScreen.storyboard */,
				117AE8A52A7A4A1C00343907 /* Info.plist */,
			);
			path = "PickerView Kullanimi";
			sourceTree = "<group>";
		};
		117AE8AD2A7A4A1C00343907 /* PickerView KullanimiTests */ = {
			isa = PBXGroup;
			children = (
				117AE8AE2A7A4A1C00343907 /* PickerView_KullanimiTests.swift */,
			);
			path = "PickerView KullanimiTests";
			sourceTree = "<group>";
		};
		117AE8B72A7A4A1C00343907 /* PickerView KullanimiUITests */ = {
			isa = PBXGroup;
			children = (
				117AE8B82A7A4A1C00343907 /* PickerView_KullanimiUITests.swift */,
				117AE8BA2A7A4A1C00343907 /* PickerView_KullanimiUITestsLaunchTests.swift */,
			);
			path = "PickerView KullanimiUITests";
			sourceTree = "<group>";
		};
/* End PBXGroup section */

/* Begin PBXNativeTarget section */
		117AE8932A7A4A1A00343907 /* PickerView Kullanimi */ = {
			isa = PBXNativeTarget;
			buildConfigurationList = 117AE8BE2A7A4A1C00343907 /* Build configuration list for PBXNativeTarget "PickerView Kullanimi" */;
			buildPhases = (
				117AE8902A7A4A1A00343907 /* Sources */,
				117AE8912A7A4A1A00343907 /* Frameworks */,
				117AE8922A7A4A1A00343907 /* Resources */,
			);
			buildRules = (
			);
			dependencies = (
			);
			name = "PickerView Kullanimi";
			productName = "PickerView Kullanimi";
			productReference = 117AE8942A7A4A1A00343907 /* PickerView Kullanimi.app */;
			productType = "com.apple.product-type.application";
		};
		117AE8A92A7A4A1C00343907 /* PickerView KullanimiTests */ = {
			isa = PBXNativeTarget;
			buildConfigurationList = 117AE8C12A7A4A1C00343907 /* Build configuration list for PBXNativeTarget "PickerView KullanimiTests" */;
			buildPhases = (
				117AE8A62A7A4A1C00343907 /* Sources */,
				117AE8A72A7A4A1C00343907 /* Frameworks */,
				117AE8A82A7A4A1C00343907 /* Resources */,
			);
			buildRules = (
			);
			dependencies = (
				117AE8AC2A7A4A1C00343907 /* PBXTargetDependency */,
			);
			name = "PickerView KullanimiTests";
			productName = "PickerView KullanimiTests";
			productReference = 117AE8AA2A7A4A1C00343907 /* PickerView KullanimiTests.xctest */;
			productType = "com.apple.product-type.bundle.unit-test";
		};
		117AE8B32A7A4A1C00343907 /* PickerView KullanimiUITests */ = {
			isa = PBXNativeTarget;
			buildConfigurationList = 117AE8C42A7A4A1C00343907 /* Build configuration list for PBXNativeTarget "PickerView KullanimiUITests" */;
			buildPhases = (
				117AE8B02A7A4A1C00343907 /* Sources */,
				117AE8B12A7A4A1C00343907 /* Frameworks */,
				117AE8B22A7A4A1C00343907 /* Resources */,
			);
			buildRules = (
			);
			dependencies = (
				117AE8B62A7A4A1C00343907 /* PBXTargetDependency */,
			);
			name = "PickerView KullanimiUITests";
			productName = "PickerView KullanimiUITests";
			productReference = 117AE8B42A7A4A1C00343907 /* PickerView KullanimiUITests.xctest */;
			productType = "com.apple.product-type.bundle.ui-testing";
		};
/* End PBXNativeTarget section */

/* Begin PBXProject section */
		117AE88C2A7A4A1A00343907 /* Project object */ = {
			isa = PBXProject;
			attributes = {
				BuildIndependentTargetsInParallel = 1;
				LastSwiftUpdateCheck = 1430;
				LastUpgradeCheck = 1430;
				TargetAttributes = {
					117AE8932A7A4A1A00343907 = {
						CreatedOnToolsVersion = 14.3.1;
					};
					117AE8A92A7A4A1C00343907 = {
						CreatedOnToolsVersion = 14.3.1;
						TestTargetID = 117AE8932A7A4A1A00343907;
					};
					117AE8B32A7A4A1C00343907 = {
						CreatedOnToolsVersion = 14.3.1;
						TestTargetID = 117AE8932A7A4A1A00343907;
					};
				};
			};
			buildConfigurationList = 117AE88F2A7A4A1A00343907 /* Build configuration list for PBXProject "PickerView Kullanimi" */;
			compatibilityVersion = "Xcode 14.0";
			developmentRegion = en;
			hasScannedForEncodings = 0;
			knownRegions = (
				en,
				Base,
			);
			mainGroup = 117AE88B2A7A4A1A00343907;
			productRefGroup = 117AE8952A7A4A1A00343907 /* Products */;
			projectDirPath = "";
			projectRoot = "";
			targets = (
				117AE8932A7A4A1A00343907 /* PickerView Kullanimi */,
				117AE8A92A7A4A1C00343907 /* PickerView KullanimiTests */,
				117AE8B32A7A4A1C00343907 /* PickerView KullanimiUITests */,
			);
		};
/* End PBXProject section */

/* Begin PBXResourcesBuildPhase section */
		117AE8922A7A4A1A00343907 /* Resources */ = {
			isa = PBXResourcesBuildPhase;
			buildActionMask = 2147483647;
			files = (
				117AE8A42A7A4A1C00343907 /* LaunchScreen.storyboard in Resources */,
				117AE8A12A7A4A1C00343907 /* Assets.xcassets in Resources */,
				117AE89F2A7A4A1A00343907 /* Main.storyboard in Resources */,
			);
			runOnlyForDeploymentPostprocessing = 0;
		};
		117AE8A82A7A4A1C00343907 /* Resources */ = {
			isa = PBXResourcesBuildPhase;
			buildActionMask = 2147483647;
			files = (
			);
			runOnlyForDeploymentPostprocessing = 0;
		};
		117AE8B22A7A4A1C00343907 /* Resources */ = {
			isa = PBXResourcesBuildPhase;
			buildActionMask = 2147483647;
			files = (
			);
			runOnlyForDeploymentPostprocessing = 0;
		};
/* End PBXResourcesBuildPhase section */

/* Begin PBXSourcesBuildPhase section */
		117AE8902A7A4A1A00343907 /* Sources */ = {
			isa = PBXSourcesBuildPhase;
			buildActionMask = 2147483647;
			files = (
				117AE89C2A7A4A1A00343907 /* ViewController.swift in Sources */,
				117AE8982A7A4A1A00343907 /* AppDelegate.swift in Sources */,
				117AE89A2A7A4A1A00343907 /* SceneDelegate.swift in Sources */,
			);
			runOnlyForDeploymentPostprocessing = 0;
		};
		117AE8A62A7A4A1C00343907 /* Sources */ = {
			isa = PBXSourcesBuildPhase;
			buildActionMask = 2147483647;
			files = (
				117AE8AF2A7A4A1C00343907 /* PickerView_KullanimiTests.swift in Sources */,
			);
			runOnlyForDeploymentPostprocessing = 0;
		};
		117AE8B02A7A4A1C00343907 /* Sources */ = {
			isa = PBXSourcesBuildPhase;
			buildActionMask = 2147483647;
			files = (
				117AE8BB2A7A4A1C00343907 /* PickerView_KullanimiUITestsLaunchTests.swift in Sources */,
				117AE8B92A7A4A1C00343907 /* PickerView_KullanimiUITests.swift in Sources */,
			);
			runOnlyForDeploymentPostprocessing = 0;
		};
/* End PBXSourcesBuildPhase section */

/* Begin PBXTargetDependency section */
		117AE8AC2A7A4A1C00343907 /* PBXTargetDependency */ = {
			isa = PBXTargetDependency;
			target = 117AE8932A7A4A1A00343907 /* PickerView Kullanimi */;
			targetProxy = 117AE8AB2A7A4A1C00343907 /* PBXContainerItemProxy */;
		};
		117AE8B62A7A4A1C00343907 /* PBXTargetDependency */ = {
			isa = PBXTargetDependency;
			target = 117AE8932A7A4A1A00343907 /* PickerView Kullanimi */;
			targetProxy = 117AE8B52A7A4A1C00343907 /* PBXContainerItemProxy */;
		};
/* End PBXTargetDependency section */

/* Begin PBXVariantGroup section */
		117AE89D2A7A4A1A00343907 /* Main.storyboard */ = {
			isa = PBXVariantGroup;
			children = (
				117AE89E2A7A4A1A00343907 /* Base */,
			);
			name = Main.storyboard;
			sourceTree = "<group>";
		};
		117AE8A22A7A4A1C00343907 /* LaunchScreen.storyboard */ = {
			isa = PBXVariantGroup;
			children = (
				117AE8A32A7A4A1C00343907 /* Base */,
			);
			name = LaunchScreen.storyboard;
			sourceTree = "<group>";
		};
/* End PBXVariantGroup section */

/* Begin XCBuildConfiguration section */
		117AE8BC2A7A4A1C00343907 /* Debug */ = {
			isa = XCBuildConfiguration;
			buildSettings = {
				ALWAYS_SEARCH_USER_PATHS = NO;
				CLANG_ANALYZER_NONNULL = YES;
				CLANG_ANALYZER_NUMBER_OBJECT_CONVERSION = YES_AGGRESSIVE;
				CLANG_CXX_LANGUAGE_STANDARD = "gnu++20";
				CLANG_ENABLE_MODULES = YES;
				CLANG_ENABLE_OBJC_ARC = YES;
				CLANG_ENABLE_OBJC_WEAK = YES;
				CLANG_WARN_BLOCK_CAPTURE_AUTORELEASING = YES;
				CLANG_WARN_BOOL_CONVERSION = YES;
				CLANG_WARN_COMMA = YES;
				CLANG_WARN_CONSTANT_CONVERSION = YES;
				CLANG_WARN_DEPRECATED_OBJC_IMPLEMENTATIONS = YES;
				CLANG_WARN_DIRECT_OBJC_ISA_USAGE = YES_ERROR;
				CLANG_WARN_DOCUMENTATION_COMMENTS = YES;
				CLANG_WARN_EMPTY_BODY = YES;
				CLANG_WARN_ENUM_CONVERSION = YES;
				CLANG_WARN_INFINITE_RECURSION = YES;
				CLANG_WARN_INT_CONVERSION = YES;
				CLANG_WARN_NON_LITERAL_NULL_CONVERSION = YES;
				CLANG_WARN_OBJC_IMPLICIT_RETAIN_SELF = YES;
				CLANG_WARN_OBJC_LITERAL_CONVERSION = YES;
				CLANG_WARN_OBJC_ROOT_CLASS = YES_ERROR;
				CLANG_WARN_QUOTED_INCLUDE_IN_FRAMEWORK_HEADER = YES;
				CLANG_WARN_RANGE_LOOP_ANALYSIS = YES;
				CLANG_WARN_STRICT_PROTOTYPES = YES;
				CLANG_WARN_SUSPICIOUS_MOVE = YES;
				CLANG_WARN_UNGUARDED_AVAILABILITY = YES_AGGRESSIVE;
				CLANG_WARN_UNREACHABLE_CODE = YES;
				CLANG_WARN__DUPLICATE_METHOD_MATCH = YES;
				COPY_PHASE_STRIP = NO;
				DEBUG_INFORMATION_FORMAT = dwarf;
				ENABLE_STRICT_OBJC_MSGSEND = YES;
				ENABLE_TESTABILITY = YES;
				GCC_C_LANGUAGE_STANDARD = gnu11;
				GCC_DYNAMIC_NO_PIC = NO;
				GCC_NO_COMMON_BLOCKS = YES;
				GCC_OPTIMIZATION_LEVEL = 0;
				GCC_PREPROCESSOR_DEFINITIONS = (
					"DEBUG=1",
					"$(inherited)",
				);
				GCC_WARN_64_TO_32_BIT_CONVERSION = YES;
				GCC_WARN_ABOUT_RETURN_TYPE = YES_ERROR;
				GCC_WARN_UNDECLARED_SELECTOR = YES;
				GCC_WARN_UNINITIALIZED_AUTOS = YES_AGGRESSIVE;
				GCC_WARN_UNUSED_FUNCTION = YES;
				GCC_WARN_UNUSED_VARIABLE = YES;
				IPHONEOS_DEPLOYMENT_TARGET = 16.4;
				MTL_ENABLE_DEBUG_INFO = INCLUDE_SOURCE;
				MTL_FAST_MATH = YES;
				ONLY_ACTIVE_ARCH = YES;
				SDKROOT = iphoneos;
				SWIFT_ACTIVE_COMPILATION_CONDITIONS = DEBUG;
				SWIFT_OPTIMIZATION_LEVEL = "-Onone";
			};
			name = Debug;
		};
		117AE8BD2A7A4A1C00343907 /* Release */ = {
			isa = XCBuildConfiguration;
			buildSettings = {
				ALWAYS_SEARCH_USER_PATHS = NO;
				CLANG_ANALYZER_NONNULL = YES;
				CLANG_ANALYZER_NUMBER_OBJECT_CONVERSION = YES_AGGRESSIVE;
				CLANG_CXX_LANGUAGE_STANDARD = "gnu++20";
				CLANG_ENABLE_MODULES = YES;
				CLANG_ENABLE_OBJC_ARC = YES;
				CLANG_ENABLE_OBJC_WEAK = YES;
				CLANG_WARN_BLOCK_CAPTURE_AUTORELEASING = YES;
				CLANG_WARN_BOOL_CONVERSION = YES;
				CLANG_WARN_COMMA = YES;
				CLANG_WARN_CONSTANT_CONVERSION = YES;
				CLANG_WARN_DEPRECATED_OBJC_IMPLEMENTATIONS = YES;
				CLANG_WARN_DIRECT_OBJC_ISA_USAGE = YES_ERROR;
				CLANG_WARN_DOCUMENTATION_COMMENTS = YES;
				CLANG_WARN_EMPTY_BODY = YES;
				CLANG_WARN_ENUM_CONVERSION = YES;
				CLANG_WARN_INFINITE_RECURSION = YES;
				CLANG_WARN_INT_CONVERSION = YES;
				CLANG_WARN_NON_LITERAL_NULL_CONVERSION = YES;
				CLANG_WARN_OBJC_IMPLICIT_RETAIN_SELF = YES;
				CLANG_WARN_OBJC_LITERAL_CONVERSION = YES;
				CLANG_WARN_OBJC_ROOT_CLASS = YES_ERROR;
				CLANG_WARN_QUOTED_INCLUDE_IN_FRAMEWORK_HEADER = YES;
				CLANG_WARN_RANGE_LOOP_ANALYSIS = YES;
				CLANG_WARN_STRICT_PROTOTYPES = YES;
				CLANG_WARN_SUSPICIOUS_MOVE = YES;
				CLANG_WARN_UNGUARDED_AVAILABILITY = YES_AGGRESSIVE;
				CLANG_WARN_UNREACHABLE_CODE = YES;
				CLANG_WARN__DUPLICATE_METHOD_MATCH = YES;
				COPY_PHASE_STRIP = NO;
				DEBUG_INFORMATION_FORMAT = "dwarf-with-dsym";
				ENABLE_NS_ASSERTIONS = NO;
				ENABLE_STRICT_OBJC_MSGSEND = YES;
				GCC_C_LANGUAGE_STANDARD = gnu11;
				GCC_NO_COMMON_BLOCKS = YES;
				GCC_WARN_64_TO_32_BIT_CONVERSION = YES;
				GCC_WARN_ABOUT_RETURN_TYPE = YES_ERROR;
				GCC_WARN_UNDECLARED_SELECTOR = YES;
				GCC_WARN_UNINITIALIZED_AUTOS = YES_AGGRESSIVE;
				GCC_WARN_UNUSED_FUNCTION = YES;
				GCC_WARN_UNUSED_VARIABLE = YES;
				IPHONEOS_DEPLOYMENT_TARGET = 16.4;
				MTL_ENABLE_DEBUG_INFO = NO;
				MTL_FAST_MATH = YES;
				SDKROOT = iphoneos;
				SWIFT_COMPILATION_MODE = wholemodule;
				SWIFT_OPTIMIZATION_LEVEL = "-O";
				VALIDATE_PRODUCT = YES;
			};
			name = Release;
		};
		117AE8BF2A7A4A1C00343907 /* Debug */ = {
			isa = XCBuildConfiguration;
			buildSettings = {
				ASSETCATALOG_COMPILER_APPICON_NAME = AppIcon;
				ASSETCATALOG_COMPILER_GLOBAL_ACCENT_COLOR_NAME = AccentColor;
				CODE_SIGN_STYLE = Automatic;
				CURRENT_PROJECT_VERSION = 1;
				GENERATE_INFOPLIST_FILE = YES;
				INFOPLIST_FILE = "PickerView Kullanimi/Info.plist";
				INFOPLIST_KEY_UIApplicationSupportsIndirectInputEvents = YES;
				INFOPLIST_KEY_UILaunchStoryboardName = LaunchScreen;
				INFOPLIST_KEY_UIMainStoryboardFile = Main;
				INFOPLIST_KEY_UISupportedInterfaceOrientations_iPad = "UIInterfaceOrientationPortrait UIInterfaceOrientationPortraitUpsideDown UIInterfaceOrientationLandscapeLeft UIInterfaceOrientationLandscapeRight";
				INFOPLIST_KEY_UISupportedInterfaceOrientations_iPhone = "UIInterfaceOrientationPortrait UIInterfaceOrientationLandscapeLeft UIInterfaceOrientationLandscapeRight";
				LD_RUNPATH_SEARCH_PATHS = (
					"$(inherited)",
					"@executable_path/Frameworks",
				);
				MARKETING_VERSION = 1.0;
				PRODUCT_BUNDLE_IDENTIFIER = "info.PickerView-Kullanimi";
				PRODUCT_NAME = "$(TARGET_NAME)";
				SWIFT_EMIT_LOC_STRINGS = YES;
				SWIFT_VERSION = 5.0;
				TARGETED_DEVICE_FAMILY = "1,2";
			};
			name = Debug;
		};
		117AE8C02A7A4A1C00343907 /* Release */ = {
			isa = XCBuildConfiguration;
			buildSettings = {
				ASSETCATALOG_COMPILER_APPICON_NAME = AppIcon;
				ASSETCATALOG_COMPILER_GLOBAL_ACCENT_COLOR_NAME = AccentColor;
				CODE_SIGN_STYLE = Automatic;
				CURRENT_PROJECT_VERSION = 1;
				GENERATE_INFOPLIST_FILE = YES;
				INFOPLIST_FILE = "PickerView Kullanimi/Info.plist";
				INFOPLIST_KEY_UIApplicationSupportsIndirectInputEvents = YES;
				INFOPLIST_KEY_UILaunchStoryboardName = LaunchScreen;
				INFOPLIST_KEY_UIMainStoryboardFile = Main;
				INFOPLIST_KEY_UISupportedInterfaceOrientations_iPad = "UIInterfaceOrientationPortrait UIInterfaceOrientationPortraitUpsideDown UIInterfaceOrientationLandscapeLeft UIInterfaceOrientationLandscapeRight";
				INFOPLIST_KEY_UISupportedInterfaceOrientations_iPhone = "UIInterfaceOrientationPortrait UIInterfaceOrientationLandscapeLeft UIInterfaceOrientationLandscapeRight";
				LD_RUNPATH_SEARCH_PATHS = (
					"$(inherited)",
					"@executable_path/Frameworks",
				);
				MARKETING_VERSION = 1.0;
				PRODUCT_BUNDLE_IDENTIFIER = "info.PickerView-Kullanimi";
				PRODUCT_NAME = "$(TARGET_NAME)";
				SWIFT_EMIT_LOC_STRINGS = YES;
				SWIFT_VERSION = 5.0;
				TARGETED_DEVICE_FAMILY = "1,2";
			};
			name = Release;
		};
		117AE8C22A7A4A1C00343907 /* Debug */ = {
			isa = XCBuildConfiguration;
			buildSettings = {
				ALWAYS_EMBED_SWIFT_STANDARD_LIBRARIES = YES;
				BUNDLE_LOADER = "$(TEST_HOST)";
				CODE_SIGN_STYLE = Automatic;
				CURRENT_PROJECT_VERSION = 1;
				GENERATE_INFOPLIST_FILE = YES;
				IPHONEOS_DEPLOYMENT_TARGET = 16.4;
				MARKETING_VERSION = 1.0;
				PRODUCT_BUNDLE_IDENTIFIER = "info.PickerView-KullanimiTests";
				PRODUCT_NAME = "$(TARGET_NAME)";
				SWIFT_EMIT_LOC_STRINGS = NO;
				SWIFT_VERSION = 5.0;
				TARGETED_DEVICE_FAMILY = "1,2";
				TEST_HOST = "$(BUILT_PRODUCTS_DIR)/PickerView Kullanimi.app/$(BUNDLE_EXECUTABLE_FOLDER_PATH)/PickerView Kullanimi";
			};
			name = Debug;
		};
		117AE8C32A7A4A1C00343907 /* Release */ = {
			isa = XCBuildConfiguration;
			buildSettings = {
				ALWAYS_EMBED_SWIFT_STANDARD_LIBRARIES = YES;
				BUNDLE_LOADER = "$(TEST_HOST)";
				CODE_SIGN_STYLE = Automatic;
				CURRENT_PROJECT_VERSION = 1;
				GENERATE_INFOPLIST_FILE = YES;
				IPHONEOS_DEPLOYMENT_TARGET = 16.4;
				MARKETING_VERSION = 1.0;
				PRODUCT_BUNDLE_IDENTIFIER = "info.PickerView-KullanimiTests";
				PRODUCT_NAME = "$(TARGET_NAME)";
				SWIFT_EMIT_LOC_STRINGS = NO;
				SWIFT_VERSION = 5.0;
				TARGETED_DEVICE_FAMILY = "1,2";
				TEST_HOST = "$(BUILT_PRODUCTS_DIR)/PickerView Kullanimi.app/$(BUNDLE_EXECUTABLE_FOLDER_PATH)/PickerView Kullanimi";
			};
			name = Release;
		};
		117AE8C52A7A4A1C00343907 /* Debug */ = {
			isa = XCBuildConfiguration;
			buildSettings = {
				ALWAYS_EMBED_SWIFT_STANDARD_LIBRARIES = YES;
				CODE_SIGN_STYLE = Automatic;
				CURRENT_PROJECT_VERSION = 1;
				GENERATE_INFOPLIST_FILE = YES;
				MARKETING_VERSION = 1.0;
				PRODUCT_BUNDLE_IDENTIFIER = "info.PickerView-KullanimiUITests";
				PRODUCT_NAME = "$(TARGET_NAME)";
				SWIFT_EMIT_LOC_STRINGS = NO;
				SWIFT_VERSION = 5.0;
				TARGETED_DEVICE_FAMILY = "1,2";
				TEST_TARGET_NAME = "PickerView Kullanimi";
			};
			name = Debug;
		};
		117AE8C62A7A4A1C00343907 /* Release */ = {
			isa = XCBuildConfiguration;
			buildSettings = {
				ALWAYS_EMBED_SWIFT_STANDARD_LIBRARIES = YES;
				CODE_SIGN_STYLE = Automatic;
				CURRENT_PROJECT_VERSION = 1;
				GENERATE_INFOPLIST_FILE = YES;
				MARKETING_VERSION = 1.0;
				PRODUCT_BUNDLE_IDENTIFIER = "info.PickerView-KullanimiUITests";
				PRODUCT_NAME = "$(TARGET_NAME)";
				SWIFT_EMIT_LOC_STRINGS = NO;
				SWIFT_VERSION = 5.0;
				TARGETED_DEVICE_FAMILY = "1,2";
				TEST_TARGET_NAME = "PickerView Kullanimi";
			};
			name = Release;
		};
/* End XCBuildConfiguration section */

/* Begin XCConfigurationList section */
		117AE88F2A7A4A1A00343907 /* Build configuration list for PBXProject "PickerView Kullanimi" */ = {
			isa = XCConfigurationList;
			buildConfigurations = (
				117AE8BC2A7A4A1C00343907 /* Debug */,
				117AE8BD2A7A4A1C00343907 /* Release */,
			);
			defaultConfigurationIsVisible = 0;
			defaultConfigurationName = Release;
		};
		117AE8BE2A7A4A1C00343907 /* Build configuration list for PBXNativeTarget "PickerView Kullanimi" */ = {
			isa = XCConfigurationList;
			buildConfigurations = (
				117AE8BF2A7A4A1C00343907 /* Debug */,
				117AE8C02A7A4A1C00343907 /* Release */,
			);
			defaultConfigurationIsVisible = 0;
			defaultConfigurationName = Release;
		};
		117AE8C12A7A4A1C00343907 /* Build configuration list for PBXNativeTarget "PickerView KullanimiTests" */ = {
			isa = XCConfigurationList;
			buildConfigurations = (
				117AE8C22A7A4A1C00343907 /* Debug */,
				117AE8C32A7A4A1C00343907 /* Release */,
			);
			defaultConfigurationIsVisible = 0;
			defaultConfigurationName = Release;
		};
		117AE8C42A7A4A1C00343907 /* Build configuration list for PBXNativeTarget "PickerView KullanimiUITests" */ = {
			isa = XCConfigurationList;
			buildConfigurations = (
				117AE8C52A7A4A1C00343907 /* Debug */,
				117AE8C62A7A4A1C00343907 /* Release */,
			);
			defaultConfigurationIsVisible = 0;
			defaultConfigurationName = Release;
		};
/* End XCConfigurationList section */
	};
	rootObject = 117AE88C2A7A4A1A00343907 /* Project object */;
}
