// !$*UTF8*$!
{
	archiveVersion = 1;
	classes = {
	};
	objectVersion = 56;
	objects = {

/* Begin PBXBuildFile section */
		11EFCC3E2A7D73F600AACF3A /* AppDelegate.swift in Sources */ = {isa = PBXBuildFile; fileRef = 11EFCC3D2A7D73F600AACF3A /* AppDelegate.swift */; };
		11EFCC402A7D73F600AACF3A /* SceneDelegate.swift in Sources */ = {isa = PBXBuildFile; fileRef = 11EFCC3F2A7D73F600AACF3A /* SceneDelegate.swift */; };
		11EFCC422A7D73F600AACF3A /* ViewController.swift in Sources */ = {isa = PBXBuildFile; fileRef = 11EFCC412A7D73F600AACF3A /* ViewController.swift */; };
		11EFCC452A7D73F600AACF3A /* Main.storyboard in Resources */ = {isa = PBXBuildFile; fileRef = 11EFCC432A7D73F600AACF3A /* Main.storyboard */; };
		11EFCC472A7D73F700AACF3A /* Assets.xcassets in Resources */ = {isa = PBXBuildFile; fileRef = 11EFCC462A7D73F700AACF3A /* Assets.xcassets */; };
		11EFCC4A2A7D73F700AACF3A /* LaunchScreen.storyboard in Resources */ = {isa = PBXBuildFile; fileRef = 11EFCC482A7D73F700AACF3A /* LaunchScreen.storyboard */; };
		11EFCC552A7D73F700AACF3A /* Cok_Bolumlu_Table_ViewTests.swift in Sources */ = {isa = PBXBuildFile; fileRef = 11EFCC542A7D73F700AACF3A /* Cok_Bolumlu_Table_ViewTests.swift */; };
		11EFCC5F2A7D73F700AACF3A /* Cok_Bolumlu_Table_ViewUITests.swift in Sources */ = {isa = PBXBuildFile; fileRef = 11EFCC5E2A7D73F700AACF3A /* Cok_Bolumlu_Table_ViewUITests.swift */; };
		11EFCC612A7D73F700AACF3A /* Cok_Bolumlu_Table_ViewUITestsLaunchTests.swift in Sources */ = {isa = PBXBuildFile; fileRef = 11EFCC602A7D73F700AACF3A /* Cok_Bolumlu_Table_ViewUITestsLaunchTests.swift */; };
/* End PBXBuildFile section */

/* Begin PBXContainerItemProxy section */
		11EFCC512A7D73F700AACF3A /* PBXContainerItemProxy */ = {
			isa = PBXContainerItemProxy;
			containerPortal = 11EFCC322A7D73F600AACF3A /* Project object */;
			proxyType = 1;
			remoteGlobalIDString = 11EFCC392A7D73F600AACF3A;
			remoteInfo = "Cok Bolumlu Table View";
		};
		11EFCC5B2A7D73F700AACF3A /* PBXContainerItemProxy */ = {
			isa = PBXContainerItemProxy;
			containerPortal = 11EFCC322A7D73F600AACF3A /* Project object */;
			proxyType = 1;
			remoteGlobalIDString = 11EFCC392A7D73F600AACF3A;
			remoteInfo = "Cok Bolumlu Table View";
		};
/* End PBXContainerItemProxy section */

/* Begin PBXFileReference section */
		11EFCC3A2A7D73F600AACF3A /* Cok Bolumlu Table View.app */ = {isa = PBXFileReference; explicitFileType = wrapper.application; includeInIndex = 0; path = "Cok Bolumlu Table View.app"; sourceTree = BUILT_PRODUCTS_DIR; };
		11EFCC3D2A7D73F600AACF3A /* AppDelegate.swift */ = {isa = PBXFileReference; lastKnownFileType = sourcecode.swift; path = AppDelegate.swift; sourceTree = "<group>"; };
		11EFCC3F2A7D73F600AACF3A /* SceneDelegate.swift */ = {isa = PBXFileReference; lastKnownFileType = sourcecode.swift; path = SceneDelegate.swift; sourceTree = "<group>"; };
		11EFCC412A7D73F600AACF3A /* ViewController.swift */ = {isa = PBXFileReference; lastKnownFileType = sourcecode.swift; path = ViewController.swift; sourceTree = "<group>"; };
		11EFCC442A7D73F600AACF3A /* Base */ = {isa = PBXFileReference; lastKnownFileType = file.storyboard; name = Base; path = Base.lproj/Main.storyboard; sourceTree = "<group>"; };
		11EFCC462A7D73F700AACF3A /* Assets.xcassets */ = {isa = PBXFileReference; lastKnownFileType = folder.assetcatalog; path = Assets.xcassets; sourceTree = "<group>"; };
		11EFCC492A7D73F700AACF3A /* Base */ = {isa = PBXFileReference; lastKnownFileType = file.storyboard; name = Base; path = Base.lproj/LaunchScreen.storyboard; sourceTree = "<group>"; };
		11EFCC4B2A7D73F700AACF3A /* Info.plist */ = {isa = PBXFileReference; lastKnownFileType = text.plist.xml; path = Info.plist; sourceTree = "<group>"; };
		11EFCC502A7D73F700AACF3A /* Cok Bolumlu Table ViewTests.xctest */ = {isa = PBXFileReference; explicitFileType = wrapper.cfbundle; includeInIndex = 0; path = "Cok Bolumlu Table ViewTests.xctest"; sourceTree = BUILT_PRODUCTS_DIR; };
		11EFCC542A7D73F700AACF3A /* Cok_Bolumlu_Table_ViewTests.swift */ = {isa = PBXFileReference; lastKnownFileType = sourcecode.swift; path = Cok_Bolumlu_Table_ViewTests.swift; sourceTree = "<group>"; };
		11EFCC5A2A7D73F700AACF3A /* Cok Bolumlu Table ViewUITests.xctest */ = {isa = PBXFileReference; explicitFileType = wrapper.cfbundle; includeInIndex = 0; path = "Cok Bolumlu Table ViewUITests.xctest"; sourceTree = BUILT_PRODUCTS_DIR; };
		11EFCC5E2A7D73F700AACF3A /* Cok_Bolumlu_Table_ViewUITests.swift */ = {isa = PBXFileReference; lastKnownFileType = sourcecode.swift; path = Cok_Bolumlu_Table_ViewUITests.swift; sourceTree = "<group>"; };
		11EFCC602A7D73F700AACF3A /* Cok_Bolumlu_Table_ViewUITestsLaunchTests.swift */ = {isa = PBXFileReference; lastKnownFileType = sourcecode.swift; path = Cok_Bolumlu_Table_ViewUITestsLaunchTests.swift; sourceTree = "<group>"; };
/* End PBXFileReference section */

/* Begin PBXFrameworksBuildPhase section */
		11EFCC372A7D73F600AACF3A /* Frameworks */ = {
			isa = PBXFrameworksBuildPhase;
			buildActionMask = 2147483647;
			files = (
			);
			runOnlyForDeploymentPostprocessing = 0;
		};
		11EFCC4D2A7D73F700AACF3A /* Frameworks */ = {
			isa = PBXFrameworksBuildPhase;
			buildActionMask = 2147483647;
			files = (
			);
			runOnlyForDeploymentPostprocessing = 0;
		};
		11EFCC572A7D73F700AACF3A /* Frameworks */ = {
			isa = PBXFrameworksBuildPhase;
			buildActionMask = 2147483647;
			files = (
			);
			runOnlyForDeploymentPostprocessing = 0;
		};
/* End PBXFrameworksBuildPhase section */

/* Begin PBXGroup section */
		11EFCC312A7D73F600AACF3A = {
			isa = PBXGroup;
			children = (
				11EFCC3C2A7D73F600AACF3A /* Cok Bolumlu Table View */,
				11EFCC532A7D73F700AACF3A /* Cok Bolumlu Table ViewTests */,
				11EFCC5D2A7D73F700AACF3A /* Cok Bolumlu Table ViewUITests */,
				11EFCC3B2A7D73F600AACF3A /* Products */,
			);
			sourceTree = "<group>";
		};
		11EFCC3B2A7D73F600AACF3A /* Products */ = {
			isa = PBXGroup;
			children = (
				11EFCC3A2A7D73F600AACF3A /* Cok Bolumlu Table View.app */,
				11EFCC502A7D73F700AACF3A /* Cok Bolumlu Table ViewTests.xctest */,
				11EFCC5A2A7D73F700AACF3A /* Cok Bolumlu Table ViewUITests.xctest */,
			);
			name = Products;
			sourceTree = "<group>";
		};
		11EFCC3C2A7D73F600AACF3A /* Cok Bolumlu Table View */ = {
			isa = PBXGroup;
			children = (
				11EFCC3D2A7D73F600AACF3A /* AppDelegate.swift */,
				11EFCC3F2A7D73F600AACF3A /* SceneDelegate.swift */,
				11EFCC412A7D73F600AACF3A /* ViewController.swift */,
				11EFCC432A7D73F600AACF3A /* Main.storyboard */,
				11EFCC462A7D73F700AACF3A /* Assets.xcassets */,
				11EFCC482A7D73F700AACF3A /* LaunchScreen.storyboard */,
				11EFCC4B2A7D73F700AACF3A /* Info.plist */,
			);
			path = "Cok Bolumlu Table View";
			sourceTree = "<group>";
		};
		11EFCC532A7D73F700AACF3A /* Cok Bolumlu Table ViewTests */ = {
			isa = PBXGroup;
			children = (
				11EFCC542A7D73F700AACF3A /* Cok_Bolumlu_Table_ViewTests.swift */,
			);
			path = "Cok Bolumlu Table ViewTests";
			sourceTree = "<group>";
		};
		11EFCC5D2A7D73F700AACF3A /* Cok Bolumlu Table ViewUITests */ = {
			isa = PBXGroup;
			children = (
				11EFCC5E2A7D73F700AACF3A /* Cok_Bolumlu_Table_ViewUITests.swift */,
				11EFCC602A7D73F700AACF3A /* Cok_Bolumlu_Table_ViewUITestsLaunchTests.swift */,
			);
			path = "Cok Bolumlu Table ViewUITests";
			sourceTree = "<group>";
		};
/* End PBXGroup section */

/* Begin PBXNativeTarget section */
		11EFCC392A7D73F600AACF3A /* Cok Bolumlu Table View */ = {
			isa = PBXNativeTarget;
			buildConfigurationList = 11EFCC642A7D73F700AACF3A /* Build configuration list for PBXNativeTarget "Cok Bolumlu Table View" */;
			buildPhases = (
				11EFCC362A7D73F600AACF3A /* Sources */,
				11EFCC372A7D73F600AACF3A /* Frameworks */,
				11EFCC382A7D73F600AACF3A /* Resources */,
			);
			buildRules = (
			);
			dependencies = (
			);
			name = "Cok Bolumlu Table View";
			productName = "Cok Bolumlu Table View";
			productReference = 11EFCC3A2A7D73F600AACF3A /* Cok Bolumlu Table View.app */;
			productType = "com.apple.product-type.application";
		};
		11EFCC4F2A7D73F700AACF3A /* Cok Bolumlu Table ViewTests */ = {
			isa = PBXNativeTarget;
			buildConfigurationList = 11EFCC672A7D73F700AACF3A /* Build configuration list for PBXNativeTarget "Cok Bolumlu Table ViewTests" */;
			buildPhases = (
				11EFCC4C2A7D73F700AACF3A /* Sources */,
				11EFCC4D2A7D73F700AACF3A /* Frameworks */,
				11EFCC4E2A7D73F700AACF3A /* Resources */,
			);
			buildRules = (
			);
			dependencies = (
				11EFCC522A7D73F700AACF3A /* PBXTargetDependency */,
			);
			name = "Cok Bolumlu Table ViewTests";
			productName = "Cok Bolumlu Table ViewTests";
			productReference = 11EFCC502A7D73F700AACF3A /* Cok Bolumlu Table ViewTests.xctest */;
			productType = "com.apple.product-type.bundle.unit-test";
		};
		11EFCC592A7D73F700AACF3A /* Cok Bolumlu Table ViewUITests */ = {
			isa = PBXNativeTarget;
			buildConfigurationList = 11EFCC6A2A7D73F700AACF3A /* Build configuration list for PBXNativeTarget "Cok Bolumlu Table ViewUITests" */;
			buildPhases = (
				11EFCC562A7D73F700AACF3A /* Sources */,
				11EFCC572A7D73F700AACF3A /* Frameworks */,
				11EFCC582A7D73F700AACF3A /* Resources */,
			);
			buildRules = (
			);
			dependencies = (
				11EFCC5C2A7D73F700AACF3A /* PBXTargetDependency */,
			);
			name = "Cok Bolumlu Table ViewUITests";
			productName = "Cok Bolumlu Table ViewUITests";
			productReference = 11EFCC5A2A7D73F700AACF3A /* Cok Bolumlu Table ViewUITests.xctest */;
			productType = "com.apple.product-type.bundle.ui-testing";
		};
/* End PBXNativeTarget section */

/* Begin PBXProject section */
		11EFCC322A7D73F600AACF3A /* Project object */ = {
			isa = PBXProject;
			attributes = {
				BuildIndependentTargetsInParallel = 1;
				LastSwiftUpdateCheck = 1430;
				LastUpgradeCheck = 1430;
				TargetAttributes = {
					11EFCC392A7D73F600AACF3A = {
						CreatedOnToolsVersion = 14.3.1;
					};
					11EFCC4F2A7D73F700AACF3A = {
						CreatedOnToolsVersion = 14.3.1;
						TestTargetID = 11EFCC392A7D73F600AACF3A;
					};
					11EFCC592A7D73F700AACF3A = {
						CreatedOnToolsVersion = 14.3.1;
						TestTargetID = 11EFCC392A7D73F600AACF3A;
					};
				};
			};
			buildConfigurationList = 11EFCC352A7D73F600AACF3A /* Build configuration list for PBXProject "Cok Bolumlu Table View" */;
			compatibilityVersion = "Xcode 14.0";
			developmentRegion = en;
			hasScannedForEncodings = 0;
			knownRegions = (
				en,
				Base,
			);
			mainGroup = 11EFCC312A7D73F600AACF3A;
			productRefGroup = 11EFCC3B2A7D73F600AACF3A /* Products */;
			projectDirPath = "";
			projectRoot = "";
			targets = (
				11EFCC392A7D73F600AACF3A /* Cok Bolumlu Table View */,
				11EFCC4F2A7D73F700AACF3A /* Cok Bolumlu Table ViewTests */,
				11EFCC592A7D73F700AACF3A /* Cok Bolumlu Table ViewUITests */,
			);
		};
/* End PBXProject section */

/* Begin PBXResourcesBuildPhase section */
		11EFCC382A7D73F600AACF3A /* Resources */ = {
			isa = PBXResourcesBuildPhase;
			buildActionMask = 2147483647;
			files = (
				11EFCC4A2A7D73F700AACF3A /* LaunchScreen.storyboard in Resources */,
				11EFCC472A7D73F700AACF3A /* Assets.xcassets in Resources */,
				11EFCC452A7D73F600AACF3A /* Main.storyboard in Resources */,
			);
			runOnlyForDeploymentPostprocessing = 0;
		};
		11EFCC4E2A7D73F700AACF3A /* Resources */ = {
			isa = PBXResourcesBuildPhase;
			buildActionMask = 2147483647;
			files = (
			);
			runOnlyForDeploymentPostprocessing = 0;
		};
		11EFCC582A7D73F700AACF3A /* Resources */ = {
			isa = PBXResourcesBuildPhase;
			buildActionMask = 2147483647;
			files = (
			);
			runOnlyForDeploymentPostprocessing = 0;
		};
/* End PBXResourcesBuildPhase section */

/* Begin PBXSourcesBuildPhase section */
		11EFCC362A7D73F600AACF3A /* Sources */ = {
			isa = PBXSourcesBuildPhase;
			buildActionMask = 2147483647;
			files = (
				11EFCC422A7D73F600AACF3A /* ViewController.swift in Sources */,
				11EFCC3E2A7D73F600AACF3A /* AppDelegate.swift in Sources */,
				11EFCC402A7D73F600AACF3A /* SceneDelegate.swift in Sources */,
			);
			runOnlyForDeploymentPostprocessing = 0;
		};
		11EFCC4C2A7D73F700AACF3A /* Sources */ = {
			isa = PBXSourcesBuildPhase;
			buildActionMask = 2147483647;
			files = (
				11EFCC552A7D73F700AACF3A /* Cok_Bolumlu_Table_ViewTests.swift in Sources */,
			);
			runOnlyForDeploymentPostprocessing = 0;
		};
		11EFCC562A7D73F700AACF3A /* Sources */ = {
			isa = PBXSourcesBuildPhase;
			buildActionMask = 2147483647;
			files = (
				11EFCC5F2A7D73F700AACF3A /* Cok_Bolumlu_Table_ViewUITests.swift in Sources */,
				11EFCC612A7D73F700AACF3A /* Cok_Bolumlu_Table_ViewUITestsLaunchTests.swift in Sources */,
			);
			runOnlyForDeploymentPostprocessing = 0;
		};
/* End PBXSourcesBuildPhase section */

/* Begin PBXTargetDependency section */
		11EFCC522A7D73F700AACF3A /* PBXTargetDependency */ = {
			isa = PBXTargetDependency;
			target = 11EFCC392A7D73F600AACF3A /* Cok Bolumlu Table View */;
			targetProxy = 11EFCC512A7D73F700AACF3A /* PBXContainerItemProxy */;
		};
		11EFCC5C2A7D73F700AACF3A /* PBXTargetDependency */ = {
			isa = PBXTargetDependency;
			target = 11EFCC392A7D73F600AACF3A /* Cok Bolumlu Table View */;
			targetProxy = 11EFCC5B2A7D73F700AACF3A /* PBXContainerItemProxy */;
		};
/* End PBXTargetDependency section */

/* Begin PBXVariantGroup section */
		11EFCC432A7D73F600AACF3A /* Main.storyboard */ = {
			isa = PBXVariantGroup;
			children = (
				11EFCC442A7D73F600AACF3A /* Base */,
			);
			name = Main.storyboard;
			sourceTree = "<group>";
		};
		11EFCC482A7D73F700AACF3A /* LaunchScreen.storyboard */ = {
			isa = PBXVariantGroup;
			children = (
				11EFCC492A7D73F700AACF3A /* Base */,
			);
			name = LaunchScreen.storyboard;
			sourceTree = "<group>";
		};
/* End PBXVariantGroup section */

/* Begin XCBuildConfiguration section */
		11EFCC622A7D73F700AACF3A /* Debug */ = {
			isa = XCBuildConfiguration;
			buildSettings = {
				ALWAYS_SEARCH_USER_PATHS = NO;
				CLANG_ANALYZER_NONNULL = YES;
				CLANG_ANALYZER_NUMBER_OBJECT_CONVERSION = YES_AGGRESSIVE;
				CLANG_CXX_LANGUAGE_STANDARD = "gnu++20";
				CLANG_ENABLE_MODULES = YES;
				CLANG_ENABLE_OBJC_ARC = YES;
				CLANG_ENABLE_OBJC_WEAK = YES;
				CLANG_WARN_BLOCK_CAPTURE_AUTORELEASING = YES;
				CLANG_WARN_BOOL_CONVERSION = YES;
				CLANG_WARN_COMMA = YES;
				CLANG_WARN_CONSTANT_CONVERSION = YES;
				CLANG_WARN_DEPRECATED_OBJC_IMPLEMENTATIONS = YES;
				CLANG_WARN_DIRECT_OBJC_ISA_USAGE = YES_ERROR;
				CLANG_WARN_DOCUMENTATION_COMMENTS = YES;
				CLANG_WARN_EMPTY_BODY = YES;
				CLANG_WARN_ENUM_CONVERSION = YES;
				CLANG_WARN_INFINITE_RECURSION = YES;
				CLANG_WARN_INT_CONVERSION = YES;
				CLANG_WARN_NON_LITERAL_NULL_CONVERSION = YES;
				CLANG_WARN_OBJC_IMPLICIT_RETAIN_SELF = YES;
				CLANG_WARN_OBJC_LITERAL_CONVERSION = YES;
				CLANG_WARN_OBJC_ROOT_CLASS = YES_ERROR;
				CLANG_WARN_QUOTED_INCLUDE_IN_FRAMEWORK_HEADER = YES;
				CLANG_WARN_RANGE_LOOP_ANALYSIS = YES;
				CLANG_WARN_STRICT_PROTOTYPES = YES;
				CLANG_WARN_SUSPICIOUS_MOVE = YES;
				CLANG_WARN_UNGUARDED_AVAILABILITY = YES_AGGRESSIVE;
				CLANG_WARN_UNREACHABLE_CODE = YES;
				CLANG_WARN__DUPLICATE_METHOD_MATCH = YES;
				COPY_PHASE_STRIP = NO;
				DEBUG_INFORMATION_FORMAT = dwarf;
				ENABLE_STRICT_OBJC_MSGSEND = YES;
				ENABLE_TESTABILITY = YES;
				GCC_C_LANGUAGE_STANDARD = gnu11;
				GCC_DYNAMIC_NO_PIC = NO;
				GCC_NO_COMMON_BLOCKS = YES;
				GCC_OPTIMIZATION_LEVEL = 0;
				GCC_PREPROCESSOR_DEFINITIONS = (
					"DEBUG=1",
					"$(inherited)",
				);
				GCC_WARN_64_TO_32_BIT_CONVERSION = YES;
				GCC_WARN_ABOUT_RETURN_TYPE = YES_ERROR;
				GCC_WARN_UNDECLARED_SELECTOR = YES;
				GCC_WARN_UNINITIALIZED_AUTOS = YES_AGGRESSIVE;
				GCC_WARN_UNUSED_FUNCTION = YES;
				GCC_WARN_UNUSED_VARIABLE = YES;
				IPHONEOS_DEPLOYMENT_TARGET = 16.4;
				MTL_ENABLE_DEBUG_INFO = INCLUDE_SOURCE;
				MTL_FAST_MATH = YES;
				ONLY_ACTIVE_ARCH = YES;
				SDKROOT = iphoneos;
				SWIFT_ACTIVE_COMPILATION_CONDITIONS = DEBUG;
				SWIFT_OPTIMIZATION_LEVEL = "-Onone";
			};
			name = Debug;
		};
		11EFCC632A7D73F700AACF3A /* Release */ = {
			isa = XCBuildConfiguration;
			buildSettings = {
				ALWAYS_SEARCH_USER_PATHS = NO;
				CLANG_ANALYZER_NONNULL = YES;
				CLANG_ANALYZER_NUMBER_OBJECT_CONVERSION = YES_AGGRESSIVE;
				CLANG_CXX_LANGUAGE_STANDARD = "gnu++20";
				CLANG_ENABLE_MODULES = YES;
				CLANG_ENABLE_OBJC_ARC = YES;
				CLANG_ENABLE_OBJC_WEAK = YES;
				CLANG_WARN_BLOCK_CAPTURE_AUTORELEASING = YES;
				CLANG_WARN_BOOL_CONVERSION = YES;
				CLANG_WARN_COMMA = YES;
				CLANG_WARN_CONSTANT_CONVERSION = YES;
				CLANG_WARN_DEPRECATED_OBJC_IMPLEMENTATIONS = YES;
				CLANG_WARN_DIRECT_OBJC_ISA_USAGE = YES_ERROR;
				CLANG_WARN_DOCUMENTATION_COMMENTS = YES;
				CLANG_WARN_EMPTY_BODY = YES;
				CLANG_WARN_ENUM_CONVERSION = YES;
				CLANG_WARN_INFINITE_RECURSION = YES;
				CLANG_WARN_INT_CONVERSION = YES;
				CLANG_WARN_NON_LITERAL_NULL_CONVERSION = YES;
				CLANG_WARN_OBJC_IMPLICIT_RETAIN_SELF = YES;
				CLANG_WARN_OBJC_LITERAL_CONVERSION = YES;
				CLANG_WARN_OBJC_ROOT_CLASS = YES_ERROR;
				CLANG_WARN_QUOTED_INCLUDE_IN_FRAMEWORK_HEADER = YES;
				CLANG_WARN_RANGE_LOOP_ANALYSIS = YES;
				CLANG_WARN_STRICT_PROTOTYPES = YES;
				CLANG_WARN_SUSPICIOUS_MOVE = YES;
				CLANG_WARN_UNGUARDED_AVAILABILITY = YES_AGGRESSIVE;
				CLANG_WARN_UNREACHABLE_CODE = YES;
				CLANG_WARN__DUPLICATE_METHOD_MATCH = YES;
				COPY_PHASE_STRIP = NO;
				DEBUG_INFORMATION_FORMAT = "dwarf-with-dsym";
				ENABLE_NS_ASSERTIONS = NO;
				ENABLE_STRICT_OBJC_MSGSEND = YES;
				GCC_C_LANGUAGE_STANDARD = gnu11;
				GCC_NO_COMMON_BLOCKS = YES;
				GCC_WARN_64_TO_32_BIT_CONVERSION = YES;
				GCC_WARN_ABOUT_RETURN_TYPE = YES_ERROR;
				GCC_WARN_UNDECLARED_SELECTOR = YES;
				GCC_WARN_UNINITIALIZED_AUTOS = YES_AGGRESSIVE;
				GCC_WARN_UNUSED_FUNCTION = YES;
				GCC_WARN_UNUSED_VARIABLE = YES;
				IPHONEOS_DEPLOYMENT_TARGET = 16.4;
				MTL_ENABLE_DEBUG_INFO = NO;
				MTL_FAST_MATH = YES;
				SDKROOT = iphoneos;
				SWIFT_COMPILATION_MODE = wholemodule;
				SWIFT_OPTIMIZATION_LEVEL = "-O";
				VALIDATE_PRODUCT = YES;
			};
			name = Release;
		};
		11EFCC652A7D73F700AACF3A /* Debug */ = {
			isa = XCBuildConfiguration;
			buildSettings = {
				ASSETCATALOG_COMPILER_APPICON_NAME = AppIcon;
				ASSETCATALOG_COMPILER_GLOBAL_ACCENT_COLOR_NAME = AccentColor;
				CODE_SIGN_STYLE = Automatic;
				CURRENT_PROJECT_VERSION = 1;
				GENERATE_INFOPLIST_FILE = YES;
				INFOPLIST_FILE = "Cok Bolumlu Table View/Info.plist";
				INFOPLIST_KEY_UIApplicationSupportsIndirectInputEvents = YES;
				INFOPLIST_KEY_UILaunchStoryboardName = LaunchScreen;
				INFOPLIST_KEY_UIMainStoryboardFile = Main;
				INFOPLIST_KEY_UISupportedInterfaceOrientations_iPad = "UIInterfaceOrientationPortrait UIInterfaceOrientationPortraitUpsideDown UIInterfaceOrientationLandscapeLeft UIInterfaceOrientationLandscapeRight";
				INFOPLIST_KEY_UISupportedInterfaceOrientations_iPhone = "UIInterfaceOrientationPortrait UIInterfaceOrientationLandscapeLeft UIInterfaceOrientationLandscapeRight";
				LD_RUNPATH_SEARCH_PATHS = (
					"$(inherited)",
					"@executable_path/Frameworks",
				);
				MARKETING_VERSION = 1.0;
				PRODUCT_BUNDLE_IDENTIFIER = "info.Cok-Bolumlu-Table-View";
				PRODUCT_NAME = "$(TARGET_NAME)";
				SWIFT_EMIT_LOC_STRINGS = YES;
				SWIFT_VERSION = 5.0;
				TARGETED_DEVICE_FAMILY = "1,2";
			};
			name = Debug;
		};
		11EFCC662A7D73F700AACF3A /* Release */ = {
			isa = XCBuildConfiguration;
			buildSettings = {
				ASSETCATALOG_COMPILER_APPICON_NAME = AppIcon;
				ASSETCATALOG_COMPILER_GLOBAL_ACCENT_COLOR_NAME = AccentColor;
				CODE_SIGN_STYLE = Automatic;
				CURRENT_PROJECT_VERSION = 1;
				GENERATE_INFOPLIST_FILE = YES;
				INFOPLIST_FILE = "Cok Bolumlu Table View/Info.plist";
				INFOPLIST_KEY_UIApplicationSupportsIndirectInputEvents = YES;
				INFOPLIST_KEY_UILaunchStoryboardName = LaunchScreen;
				INFOPLIST_KEY_UIMainStoryboardFile = Main;
				INFOPLIST_KEY_UISupportedInterfaceOrientations_iPad = "UIInterfaceOrientationPortrait UIInterfaceOrientationPortraitUpsideDown UIInterfaceOrientationLandscapeLeft UIInterfaceOrientationLandscapeRight";
				INFOPLIST_KEY_UISupportedInterfaceOrientations_iPhone = "UIInterfaceOrientationPortrait UIInterfaceOrientationLandscapeLeft UIInterfaceOrientationLandscapeRight";
				LD_RUNPATH_SEARCH_PATHS = (
					"$(inherited)",
					"@executable_path/Frameworks",
				);
				MARKETING_VERSION = 1.0;
				PRODUCT_BUNDLE_IDENTIFIER = "info.Cok-Bolumlu-Table-View";
				PRODUCT_NAME = "$(TARGET_NAME)";
				SWIFT_EMIT_LOC_STRINGS = YES;
				SWIFT_VERSION = 5.0;
				TARGETED_DEVICE_FAMILY = "1,2";
			};
			name = Release;
		};
		11EFCC682A7D73F700AACF3A /* Debug */ = {
			isa = XCBuildConfiguration;
			buildSettings = {
				ALWAYS_EMBED_SWIFT_STANDARD_LIBRARIES = YES;
				BUNDLE_LOADER = "$(TEST_HOST)";
				CODE_SIGN_STYLE = Automatic;
				CURRENT_PROJECT_VERSION = 1;
				GENERATE_INFOPLIST_FILE = YES;
				IPHONEOS_DEPLOYMENT_TARGET = 16.4;
				MARKETING_VERSION = 1.0;
				PRODUCT_BUNDLE_IDENTIFIER = "info.Cok-Bolumlu-Table-ViewTests";
				PRODUCT_NAME = "$(TARGET_NAME)";
				SWIFT_EMIT_LOC_STRINGS = NO;
				SWIFT_VERSION = 5.0;
				TARGETED_DEVICE_FAMILY = "1,2";
				TEST_HOST = "$(BUILT_PRODUCTS_DIR)/Cok Bolumlu Table View.app/$(BUNDLE_EXECUTABLE_FOLDER_PATH)/Cok Bolumlu Table View";
			};
			name = Debug;
		};
		11EFCC692A7D73F700AACF3A /* Release */ = {
			isa = XCBuildConfiguration;
			buildSettings = {
				ALWAYS_EMBED_SWIFT_STANDARD_LIBRARIES = YES;
				BUNDLE_LOADER = "$(TEST_HOST)";
				CODE_SIGN_STYLE = Automatic;
				CURRENT_PROJECT_VERSION = 1;
				GENERATE_INFOPLIST_FILE = YES;
				IPHONEOS_DEPLOYMENT_TARGET = 16.4;
				MARKETING_VERSION = 1.0;
				PRODUCT_BUNDLE_IDENTIFIER = "info.Cok-Bolumlu-Table-ViewTests";
				PRODUCT_NAME = "$(TARGET_NAME)";
				SWIFT_EMIT_LOC_STRINGS = NO;
				SWIFT_VERSION = 5.0;
				TARGETED_DEVICE_FAMILY = "1,2";
				TEST_HOST = "$(BUILT_PRODUCTS_DIR)/Cok Bolumlu Table View.app/$(BUNDLE_EXECUTABLE_FOLDER_PATH)/Cok Bolumlu Table View";
			};
			name = Release;
		};
		11EFCC6B2A7D73F700AACF3A /* Debug */ = {
			isa = XCBuildConfiguration;
			buildSettings = {
				ALWAYS_EMBED_SWIFT_STANDARD_LIBRARIES = YES;
				CODE_SIGN_STYLE = Automatic;
				CURRENT_PROJECT_VERSION = 1;
				GENERATE_INFOPLIST_FILE = YES;
				MARKETING_VERSION = 1.0;
				PRODUCT_BUNDLE_IDENTIFIER = "info.Cok-Bolumlu-Table-ViewUITests";
				PRODUCT_NAME = "$(TARGET_NAME)";
				SWIFT_EMIT_LOC_STRINGS = NO;
				SWIFT_VERSION = 5.0;
				TARGETED_DEVICE_FAMILY = "1,2";
				TEST_TARGET_NAME = "Cok Bolumlu Table View";
			};
			name = Debug;
		};
		11EFCC6C2A7D73F700AACF3A /* Release */ = {
			isa = XCBuildConfiguration;
			buildSettings = {
				ALWAYS_EMBED_SWIFT_STANDARD_LIBRARIES = YES;
				CODE_SIGN_STYLE = Automatic;
				CURRENT_PROJECT_VERSION = 1;
				GENERATE_INFOPLIST_FILE = YES;
				MARKETING_VERSION = 1.0;
				PRODUCT_BUNDLE_IDENTIFIER = "info.Cok-Bolumlu-Table-ViewUITests";
				PRODUCT_NAME = "$(TARGET_NAME)";
				SWIFT_EMIT_LOC_STRINGS = NO;
				SWIFT_VERSION = 5.0;
				TARGETED_DEVICE_FAMILY = "1,2";
				TEST_TARGET_NAME = "Cok Bolumlu Table View";
			};
			name = Release;
		};
/* End XCBuildConfiguration section */

/* Begin XCConfigurationList section */
		11EFCC352A7D73F600AACF3A /* Build configuration list for PBXProject "Cok Bolumlu Table View" */ = {
			isa = XCConfigurationList;
			buildConfigurations = (
				11EFCC622A7D73F700AACF3A /* Debug */,
				11EFCC632A7D73F700AACF3A /* Release */,
			);
			defaultConfigurationIsVisible = 0;
			defaultConfigurationName = Release;
		};
		11EFCC642A7D73F700AACF3A /* Build configuration list for PBXNativeTarget "Cok Bolumlu Table View" */ = {
			isa = XCConfigurationList;
			buildConfigurations = (
				11EFCC652A7D73F700AACF3A /* Debug */,
				11EFCC662A7D73F700AACF3A /* Release */,
			);
			defaultConfigurationIsVisible = 0;
			defaultConfigurationName = Release;
		};
		11EFCC672A7D73F700AACF3A /* Build configuration list for PBXNativeTarget "Cok Bolumlu Table ViewTests" */ = {
			isa = XCConfigurationList;
			buildConfigurations = (
				11EFCC682A7D73F700AACF3A /* Debug */,
				11EFCC692A7D73F700AACF3A /* Release */,
			);
			defaultConfigurationIsVisible = 0;
			defaultConfigurationName = Release;
		};
		11EFCC6A2A7D73F700AACF3A /* Build configuration list for PBXNativeTarget "Cok Bolumlu Table ViewUITests" */ = {
			isa = XCConfigurationList;
			buildConfigurations = (
				11EFCC6B2A7D73F700AACF3A /* Debug */,
				11EFCC6C2A7D73F700AACF3A /* Release */,
			);
			defaultConfigurationIsVisible = 0;
			defaultConfigurationName = Release;
		};
/* End XCConfigurationList section */
	};
	rootObject = 11EFCC322A7D73F600AACF3A /* Project object */;
}
