// !$*UTF8*$!
{
	archiveVersion = 1;
	classes = {
	};
	objectVersion = 56;
	objects = {

/* Begin PBXBuildFile section */
		11D5AE302A59A3BE0002F0E6 /* AppDelegate.swift in Sources */ = {isa = PBXBuildFile; fileRef = 11D5AE2F2A59A3BE0002F0E6 /* AppDelegate.swift */; };
		11D5AE322A59A3BE0002F0E6 /* SceneDelegate.swift in Sources */ = {isa = PBXBuildFile; fileRef = 11D5AE312A59A3BE0002F0E6 /* SceneDelegate.swift */; };
		11D5AE342A59A3BE0002F0E6 /* ViewController.swift in Sources */ = {isa = PBXBuildFile; fileRef = 11D5AE332A59A3BE0002F0E6 /* ViewController.swift */; };
		11D5AE372A59A3BE0002F0E6 /* Main.storyboard in Resources */ = {isa = PBXBuildFile; fileRef = 11D5AE352A59A3BE0002F0E6 /* Main.storyboard */; };
		11D5AE392A59A3BF0002F0E6 /* Assets.xcassets in Resources */ = {isa = PBXBuildFile; fileRef = 11D5AE382A59A3BF0002F0E6 /* Assets.xcassets */; };
		11D5AE3C2A59A3BF0002F0E6 /* LaunchScreen.storyboard in Resources */ = {isa = PBXBuildFile; fileRef = 11D5AE3A2A59A3BF0002F0E6 /* LaunchScreen.storyboard */; };
		11D5AE472A59A3BF0002F0E6 /* ImageViewTests.swift in Sources */ = {isa = PBXBuildFile; fileRef = 11D5AE462A59A3BF0002F0E6 /* ImageViewTests.swift */; };
		11D5AE512A59A3BF0002F0E6 /* ImageViewUITests.swift in Sources */ = {isa = PBXBuildFile; fileRef = 11D5AE502A59A3BF0002F0E6 /* ImageViewUITests.swift */; };
		11D5AE532A59A3BF0002F0E6 /* ImageViewUITestsLaunchTests.swift in Sources */ = {isa = PBXBuildFile; fileRef = 11D5AE522A59A3BF0002F0E6 /* ImageViewUITestsLaunchTests.swift */; };
/* End PBXBuildFile section */

/* Begin PBXContainerItemProxy section */
		11D5AE432A59A3BF0002F0E6 /* PBXContainerItemProxy */ = {
			isa = PBXContainerItemProxy;
			containerPortal = 11D5AE242A59A3BE0002F0E6 /* Project object */;
			proxyType = 1;
			remoteGlobalIDString = 11D5AE2B2A59A3BE0002F0E6;
			remoteInfo = ImageView;
		};
		11D5AE4D2A59A3BF0002F0E6 /* PBXContainerItemProxy */ = {
			isa = PBXContainerItemProxy;
			containerPortal = 11D5AE242A59A3BE0002F0E6 /* Project object */;
			proxyType = 1;
			remoteGlobalIDString = 11D5AE2B2A59A3BE0002F0E6;
			remoteInfo = ImageView;
		};
/* End PBXContainerItemProxy section */

/* Begin PBXFileReference section */
		11D5AE2C2A59A3BE0002F0E6 /* ImageView.app */ = {isa = PBXFileReference; explicitFileType = wrapper.application; includeInIndex = 0; path = ImageView.app; sourceTree = BUILT_PRODUCTS_DIR; };
		11D5AE2F2A59A3BE0002F0E6 /* AppDelegate.swift */ = {isa = PBXFileReference; lastKnownFileType = sourcecode.swift; path = AppDelegate.swift; sourceTree = "<group>"; };
		11D5AE312A59A3BE0002F0E6 /* SceneDelegate.swift */ = {isa = PBXFileReference; lastKnownFileType = sourcecode.swift; path = SceneDelegate.swift; sourceTree = "<group>"; };
		11D5AE332A59A3BE0002F0E6 /* ViewController.swift */ = {isa = PBXFileReference; lastKnownFileType = sourcecode.swift; path = ViewController.swift; sourceTree = "<group>"; };
		11D5AE362A59A3BE0002F0E6 /* Base */ = {isa = PBXFileReference; lastKnownFileType = file.storyboard; name = Base; path = Base.lproj/Main.storyboard; sourceTree = "<group>"; };
		11D5AE382A59A3BF0002F0E6 /* Assets.xcassets */ = {isa = PBXFileReference; lastKnownFileType = folder.assetcatalog; path = Assets.xcassets; sourceTree = "<group>"; };
		11D5AE3B2A59A3BF0002F0E6 /* Base */ = {isa = PBXFileReference; lastKnownFileType = file.storyboard; name = Base; path = Base.lproj/LaunchScreen.storyboard; sourceTree = "<group>"; };
		11D5AE3D2A59A3BF0002F0E6 /* Info.plist */ = {isa = PBXFileReference; lastKnownFileType = text.plist.xml; path = Info.plist; sourceTree = "<group>"; };
		11D5AE422A59A3BF0002F0E6 /* ImageViewTests.xctest */ = {isa = PBXFileReference; explicitFileType = wrapper.cfbundle; includeInIndex = 0; path = ImageViewTests.xctest; sourceTree = BUILT_PRODUCTS_DIR; };
		11D5AE462A59A3BF0002F0E6 /* ImageViewTests.swift */ = {isa = PBXFileReference; lastKnownFileType = sourcecode.swift; path = ImageViewTests.swift; sourceTree = "<group>"; };
		11D5AE4C2A59A3BF0002F0E6 /* ImageViewUITests.xctest */ = {isa = PBXFileReference; explicitFileType = wrapper.cfbundle; includeInIndex = 0; path = ImageViewUITests.xctest; sourceTree = BUILT_PRODUCTS_DIR; };
		11D5AE502A59A3BF0002F0E6 /* ImageViewUITests.swift */ = {isa = PBXFileReference; lastKnownFileType = sourcecode.swift; path = ImageViewUITests.swift; sourceTree = "<group>"; };
		11D5AE522A59A3BF0002F0E6 /* ImageViewUITestsLaunchTests.swift */ = {isa = PBXFileReference; lastKnownFileType = sourcecode.swift; path = ImageViewUITestsLaunchTests.swift; sourceTree = "<group>"; };
/* End PBXFileReference section */

/* Begin PBXFrameworksBuildPhase section */
		11D5AE292A59A3BE0002F0E6 /* Frameworks */ = {
			isa = PBXFrameworksBuildPhase;
			buildActionMask = 2147483647;
			files = (
			);
			runOnlyForDeploymentPostprocessing = 0;
		};
		11D5AE3F2A59A3BF0002F0E6 /* Frameworks */ = {
			isa = PBXFrameworksBuildPhase;
			buildActionMask = 2147483647;
			files = (
			);
			runOnlyForDeploymentPostprocessing = 0;
		};
		11D5AE492A59A3BF0002F0E6 /* Frameworks */ = {
			isa = PBXFrameworksBuildPhase;
			buildActionMask = 2147483647;
			files = (
			);
			runOnlyForDeploymentPostprocessing = 0;
		};
/* End PBXFrameworksBuildPhase section */

/* Begin PBXGroup section */
		11D5AE232A59A3BE0002F0E6 = {
			isa = PBXGroup;
			children = (
				11D5AE2E2A59A3BE0002F0E6 /* ImageView */,
				11D5AE452A59A3BF0002F0E6 /* ImageViewTests */,
				11D5AE4F2A59A3BF0002F0E6 /* ImageViewUITests */,
				11D5AE2D2A59A3BE0002F0E6 /* Products */,
			);
			sourceTree = "<group>";
		};
		11D5AE2D2A59A3BE0002F0E6 /* Products */ = {
			isa = PBXGroup;
			children = (
				11D5AE2C2A59A3BE0002F0E6 /* ImageView.app */,
				11D5AE422A59A3BF0002F0E6 /* ImageViewTests.xctest */,
				11D5AE4C2A59A3BF0002F0E6 /* ImageViewUITests.xctest */,
			);
			name = Products;
			sourceTree = "<group>";
		};
		11D5AE2E2A59A3BE0002F0E6 /* ImageView */ = {
			isa = PBXGroup;
			children = (
				11D5AE2F2A59A3BE0002F0E6 /* AppDelegate.swift */,
				11D5AE312A59A3BE0002F0E6 /* SceneDelegate.swift */,
				11D5AE332A59A3BE0002F0E6 /* ViewController.swift */,
				11D5AE352A59A3BE0002F0E6 /* Main.storyboard */,
				11D5AE382A59A3BF0002F0E6 /* Assets.xcassets */,
				11D5AE3A2A59A3BF0002F0E6 /* LaunchScreen.storyboard */,
				11D5AE3D2A59A3BF0002F0E6 /* Info.plist */,
			);
			path = ImageView;
			sourceTree = "<group>";
		};
		11D5AE452A59A3BF0002F0E6 /* ImageViewTests */ = {
			isa = PBXGroup;
			children = (
				11D5AE462A59A3BF0002F0E6 /* ImageViewTests.swift */,
			);
			path = ImageViewTests;
			sourceTree = "<group>";
		};
		11D5AE4F2A59A3BF0002F0E6 /* ImageViewUITests */ = {
			isa = PBXGroup;
			children = (
				11D5AE502A59A3BF0002F0E6 /* ImageViewUITests.swift */,
				11D5AE522A59A3BF0002F0E6 /* ImageViewUITestsLaunchTests.swift */,
			);
			path = ImageViewUITests;
			sourceTree = "<group>";
		};
/* End PBXGroup section */

/* Begin PBXNativeTarget section */
		11D5AE2B2A59A3BE0002F0E6 /* ImageView */ = {
			isa = PBXNativeTarget;
			buildConfigurationList = 11D5AE562A59A3BF0002F0E6 /* Build configuration list for PBXNativeTarget "ImageView" */;
			buildPhases = (
				11D5AE282A59A3BE0002F0E6 /* Sources */,
				11D5AE292A59A3BE0002F0E6 /* Frameworks */,
				11D5AE2A2A59A3BE0002F0E6 /* Resources */,
			);
			buildRules = (
			);
			dependencies = (
			);
			name = ImageView;
			productName = ImageView;
			productReference = 11D5AE2C2A59A3BE0002F0E6 /* ImageView.app */;
			productType = "com.apple.product-type.application";
		};
		11D5AE412A59A3BF0002F0E6 /* ImageViewTests */ = {
			isa = PBXNativeTarget;
			buildConfigurationList = 11D5AE592A59A3BF0002F0E6 /* Build configuration list for PBXNativeTarget "ImageViewTests" */;
			buildPhases = (
				11D5AE3E2A59A3BF0002F0E6 /* Sources */,
				11D5AE3F2A59A3BF0002F0E6 /* Frameworks */,
				11D5AE402A59A3BF0002F0E6 /* Resources */,
			);
			buildRules = (
			);
			dependencies = (
				11D5AE442A59A3BF0002F0E6 /* PBXTargetDependency */,
			);
			name = ImageViewTests;
			productName = ImageViewTests;
			productReference = 11D5AE422A59A3BF0002F0E6 /* ImageViewTests.xctest */;
			productType = "com.apple.product-type.bundle.unit-test";
		};
		11D5AE4B2A59A3BF0002F0E6 /* ImageViewUITests */ = {
			isa = PBXNativeTarget;
			buildConfigurationList = 11D5AE5C2A59A3BF0002F0E6 /* Build configuration list for PBXNativeTarget "ImageViewUITests" */;
			buildPhases = (
				11D5AE482A59A3BF0002F0E6 /* Sources */,
				11D5AE492A59A3BF0002F0E6 /* Frameworks */,
				11D5AE4A2A59A3BF0002F0E6 /* Resources */,
			);
			buildRules = (
			);
			dependencies = (
				11D5AE4E2A59A3BF0002F0E6 /* PBXTargetDependency */,
			);
			name = ImageViewUITests;
			productName = ImageViewUITests;
			productReference = 11D5AE4C2A59A3BF0002F0E6 /* ImageViewUITests.xctest */;
			productType = "com.apple.product-type.bundle.ui-testing";
		};
/* End PBXNativeTarget section */

/* Begin PBXProject section */
		11D5AE242A59A3BE0002F0E6 /* Project object */ = {
			isa = PBXProject;
			attributes = {
				BuildIndependentTargetsInParallel = 1;
				LastSwiftUpdateCheck = 1430;
				LastUpgradeCheck = 1430;
				TargetAttributes = {
					11D5AE2B2A59A3BE0002F0E6 = {
						CreatedOnToolsVersion = 14.3.1;
					};
					11D5AE412A59A3BF0002F0E6 = {
						CreatedOnToolsVersion = 14.3.1;
						TestTargetID = 11D5AE2B2A59A3BE0002F0E6;
					};
					11D5AE4B2A59A3BF0002F0E6 = {
						CreatedOnToolsVersion = 14.3.1;
						TestTargetID = 11D5AE2B2A59A3BE0002F0E6;
					};
				};
			};
			buildConfigurationList = 11D5AE272A59A3BE0002F0E6 /* Build configuration list for PBXProject "ImageView" */;
			compatibilityVersion = "Xcode 14.0";
			developmentRegion = en;
			hasScannedForEncodings = 0;
			knownRegions = (
				en,
				Base,
			);
			mainGroup = 11D5AE232A59A3BE0002F0E6;
			productRefGroup = 11D5AE2D2A59A3BE0002F0E6 /* Products */;
			projectDirPath = "";
			projectRoot = "";
			targets = (
				11D5AE2B2A59A3BE0002F0E6 /* ImageView */,
				11D5AE412A59A3BF0002F0E6 /* ImageViewTests */,
				11D5AE4B2A59A3BF0002F0E6 /* ImageViewUITests */,
			);
		};
/* End PBXProject section */

/* Begin PBXResourcesBuildPhase section */
		11D5AE2A2A59A3BE0002F0E6 /* Resources */ = {
			isa = PBXResourcesBuildPhase;
			buildActionMask = 2147483647;
			files = (
				11D5AE3C2A59A3BF0002F0E6 /* LaunchScreen.storyboard in Resources */,
				11D5AE392A59A3BF0002F0E6 /* Assets.xcassets in Resources */,
				11D5AE372A59A3BE0002F0E6 /* Main.storyboard in Resources */,
			);
			runOnlyForDeploymentPostprocessing = 0;
		};
		11D5AE402A59A3BF0002F0E6 /* Resources */ = {
			isa = PBXResourcesBuildPhase;
			buildActionMask = 2147483647;
			files = (
			);
			runOnlyForDeploymentPostprocessing = 0;
		};
		11D5AE4A2A59A3BF0002F0E6 /* Resources */ = {
			isa = PBXResourcesBuildPhase;
			buildActionMask = 2147483647;
			files = (
			);
			runOnlyForDeploymentPostprocessing = 0;
		};
/* End PBXResourcesBuildPhase section */

/* Begin PBXSourcesBuildPhase section */
		11D5AE282A59A3BE0002F0E6 /* Sources */ = {
			isa = PBXSourcesBuildPhase;
			buildActionMask = 2147483647;
			files = (
				11D5AE342A59A3BE0002F0E6 /* ViewController.swift in Sources */,
				11D5AE302A59A3BE0002F0E6 /* AppDelegate.swift in Sources */,
				11D5AE322A59A3BE0002F0E6 /* SceneDelegate.swift in Sources */,
			);
			runOnlyForDeploymentPostprocessing = 0;
		};
		11D5AE3E2A59A3BF0002F0E6 /* Sources */ = {
			isa = PBXSourcesBuildPhase;
			buildActionMask = 2147483647;
			files = (
				11D5AE472A59A3BF0002F0E6 /* ImageViewTests.swift in Sources */,
			);
			runOnlyForDeploymentPostprocessing = 0;
		};
		11D5AE482A59A3BF0002F0E6 /* Sources */ = {
			isa = PBXSourcesBuildPhase;
			buildActionMask = 2147483647;
			files = (
				11D5AE512A59A3BF0002F0E6 /* ImageViewUITests.swift in Sources */,
				11D5AE532A59A3BF0002F0E6 /* ImageViewUITestsLaunchTests.swift in Sources */,
			);
			runOnlyForDeploymentPostprocessing = 0;
		};
/* End PBXSourcesBuildPhase section */

/* Begin PBXTargetDependency section */
		11D5AE442A59A3BF0002F0E6 /* PBXTargetDependency */ = {
			isa = PBXTargetDependency;
			target = 11D5AE2B2A59A3BE0002F0E6 /* ImageView */;
			targetProxy = 11D5AE432A59A3BF0002F0E6 /* PBXContainerItemProxy */;
		};
		11D5AE4E2A59A3BF0002F0E6 /* PBXTargetDependency */ = {
			isa = PBXTargetDependency;
			target = 11D5AE2B2A59A3BE0002F0E6 /* ImageView */;
			targetProxy = 11D5AE4D2A59A3BF0002F0E6 /* PBXContainerItemProxy */;
		};
/* End PBXTargetDependency section */

/* Begin PBXVariantGroup section */
		11D5AE352A59A3BE0002F0E6 /* Main.storyboard */ = {
			isa = PBXVariantGroup;
			children = (
				11D5AE362A59A3BE0002F0E6 /* Base */,
			);
			name = Main.storyboard;
			sourceTree = "<group>";
		};
		11D5AE3A2A59A3BF0002F0E6 /* LaunchScreen.storyboard */ = {
			isa = PBXVariantGroup;
			children = (
				11D5AE3B2A59A3BF0002F0E6 /* Base */,
			);
			name = LaunchScreen.storyboard;
			sourceTree = "<group>";
		};
/* End PBXVariantGroup section */

/* Begin XCBuildConfiguration section */
		11D5AE542A59A3BF0002F0E6 /* Debug */ = {
			isa = XCBuildConfiguration;
			buildSettings = {
				ALWAYS_SEARCH_USER_PATHS = NO;
				CLANG_ANALYZER_NONNULL = YES;
				CLANG_ANALYZER_NUMBER_OBJECT_CONVERSION = YES_AGGRESSIVE;
				CLANG_CXX_LANGUAGE_STANDARD = "gnu++20";
				CLANG_ENABLE_MODULES = YES;
				CLANG_ENABLE_OBJC_ARC = YES;
				CLANG_ENABLE_OBJC_WEAK = YES;
				CLANG_WARN_BLOCK_CAPTURE_AUTORELEASING = YES;
				CLANG_WARN_BOOL_CONVERSION = YES;
				CLANG_WARN_COMMA = YES;
				CLANG_WARN_CONSTANT_CONVERSION = YES;
				CLANG_WARN_DEPRECATED_OBJC_IMPLEMENTATIONS = YES;
				CLANG_WARN_DIRECT_OBJC_ISA_USAGE = YES_ERROR;
				CLANG_WARN_DOCUMENTATION_COMMENTS = YES;
				CLANG_WARN_EMPTY_BODY = YES;
				CLANG_WARN_ENUM_CONVERSION = YES;
				CLANG_WARN_INFINITE_RECURSION = YES;
				CLANG_WARN_INT_CONVERSION = YES;
				CLANG_WARN_NON_LITERAL_NULL_CONVERSION = YES;
				CLANG_WARN_OBJC_IMPLICIT_RETAIN_SELF = YES;
				CLANG_WARN_OBJC_LITERAL_CONVERSION = YES;
				CLANG_WARN_OBJC_ROOT_CLASS = YES_ERROR;
				CLANG_WARN_QUOTED_INCLUDE_IN_FRAMEWORK_HEADER = YES;
				CLANG_WARN_RANGE_LOOP_ANALYSIS = YES;
				CLANG_WARN_STRICT_PROTOTYPES = YES;
				CLANG_WARN_SUSPICIOUS_MOVE = YES;
				CLANG_WARN_UNGUARDED_AVAILABILITY = YES_AGGRESSIVE;
				CLANG_WARN_UNREACHABLE_CODE = YES;
				CLANG_WARN__DUPLICATE_METHOD_MATCH = YES;
				COPY_PHASE_STRIP = NO;
				DEBUG_INFORMATION_FORMAT = dwarf;
				ENABLE_STRICT_OBJC_MSGSEND = YES;
				ENABLE_TESTABILITY = YES;
				GCC_C_LANGUAGE_STANDARD = gnu11;
				GCC_DYNAMIC_NO_PIC = NO;
				GCC_NO_COMMON_BLOCKS = YES;
				GCC_OPTIMIZATION_LEVEL = 0;
				GCC_PREPROCESSOR_DEFINITIONS = (
					"DEBUG=1",
					"$(inherited)",
				);
				GCC_WARN_64_TO_32_BIT_CONVERSION = YES;
				GCC_WARN_ABOUT_RETURN_TYPE = YES_ERROR;
				GCC_WARN_UNDECLARED_SELECTOR = YES;
				GCC_WARN_UNINITIALIZED_AUTOS = YES_AGGRESSIVE;
				GCC_WARN_UNUSED_FUNCTION = YES;
				GCC_WARN_UNUSED_VARIABLE = YES;
				IPHONEOS_DEPLOYMENT_TARGET = 16.4;
				MTL_ENABLE_DEBUG_INFO = INCLUDE_SOURCE;
				MTL_FAST_MATH = YES;
				ONLY_ACTIVE_ARCH = YES;
				SDKROOT = iphoneos;
				SWIFT_ACTIVE_COMPILATION_CONDITIONS = DEBUG;
				SWIFT_OPTIMIZATION_LEVEL = "-Onone";
			};
			name = Debug;
		};
		11D5AE552A59A3BF0002F0E6 /* Release */ = {
			isa = XCBuildConfiguration;
			buildSettings = {
				ALWAYS_SEARCH_USER_PATHS = NO;
				CLANG_ANALYZER_NONNULL = YES;
				CLANG_ANALYZER_NUMBER_OBJECT_CONVERSION = YES_AGGRESSIVE;
				CLANG_CXX_LANGUAGE_STANDARD = "gnu++20";
				CLANG_ENABLE_MODULES = YES;
				CLANG_ENABLE_OBJC_ARC = YES;
				CLANG_ENABLE_OBJC_WEAK = YES;
				CLANG_WARN_BLOCK_CAPTURE_AUTORELEASING = YES;
				CLANG_WARN_BOOL_CONVERSION = YES;
				CLANG_WARN_COMMA = YES;
				CLANG_WARN_CONSTANT_CONVERSION = YES;
				CLANG_WARN_DEPRECATED_OBJC_IMPLEMENTATIONS = YES;
				CLANG_WARN_DIRECT_OBJC_ISA_USAGE = YES_ERROR;
				CLANG_WARN_DOCUMENTATION_COMMENTS = YES;
				CLANG_WARN_EMPTY_BODY = YES;
				CLANG_WARN_ENUM_CONVERSION = YES;
				CLANG_WARN_INFINITE_RECURSION = YES;
				CLANG_WARN_INT_CONVERSION = YES;
				CLANG_WARN_NON_LITERAL_NULL_CONVERSION = YES;
				CLANG_WARN_OBJC_IMPLICIT_RETAIN_SELF = YES;
				CLANG_WARN_OBJC_LITERAL_CONVERSION = YES;
				CLANG_WARN_OBJC_ROOT_CLASS = YES_ERROR;
				CLANG_WARN_QUOTED_INCLUDE_IN_FRAMEWORK_HEADER = YES;
				CLANG_WARN_RANGE_LOOP_ANALYSIS = YES;
				CLANG_WARN_STRICT_PROTOTYPES = YES;
				CLANG_WARN_SUSPICIOUS_MOVE = YES;
				CLANG_WARN_UNGUARDED_AVAILABILITY = YES_AGGRESSIVE;
				CLANG_WARN_UNREACHABLE_CODE = YES;
				CLANG_WARN__DUPLICATE_METHOD_MATCH = YES;
				COPY_PHASE_STRIP = NO;
				DEBUG_INFORMATION_FORMAT = "dwarf-with-dsym";
				ENABLE_NS_ASSERTIONS = NO;
				ENABLE_STRICT_OBJC_MSGSEND = YES;
				GCC_C_LANGUAGE_STANDARD = gnu11;
				GCC_NO_COMMON_BLOCKS = YES;
				GCC_WARN_64_TO_32_BIT_CONVERSION = YES;
				GCC_WARN_ABOUT_RETURN_TYPE = YES_ERROR;
				GCC_WARN_UNDECLARED_SELECTOR = YES;
				GCC_WARN_UNINITIALIZED_AUTOS = YES_AGGRESSIVE;
				GCC_WARN_UNUSED_FUNCTION = YES;
				GCC_WARN_UNUSED_VARIABLE = YES;
				IPHONEOS_DEPLOYMENT_TARGET = 16.4;
				MTL_ENABLE_DEBUG_INFO = NO;
				MTL_FAST_MATH = YES;
				SDKROOT = iphoneos;
				SWIFT_COMPILATION_MODE = wholemodule;
				SWIFT_OPTIMIZATION_LEVEL = "-O";
				VALIDATE_PRODUCT = YES;
			};
			name = Release;
		};
		11D5AE572A59A3BF0002F0E6 /* Debug */ = {
			isa = XCBuildConfiguration;
			buildSettings = {
				ASSETCATALOG_COMPILER_APPICON_NAME = AppIcon;
				ASSETCATALOG_COMPILER_GLOBAL_ACCENT_COLOR_NAME = AccentColor;
				CODE_SIGN_STYLE = Automatic;
				CURRENT_PROJECT_VERSION = 1;
				GENERATE_INFOPLIST_FILE = YES;
				INFOPLIST_FILE = ImageView/Info.plist;
				INFOPLIST_KEY_UIApplicationSupportsIndirectInputEvents = YES;
				INFOPLIST_KEY_UILaunchStoryboardName = LaunchScreen;
				INFOPLIST_KEY_UIMainStoryboardFile = Main;
				INFOPLIST_KEY_UISupportedInterfaceOrientations_iPad = "UIInterfaceOrientationPortrait UIInterfaceOrientationPortraitUpsideDown UIInterfaceOrientationLandscapeLeft UIInterfaceOrientationLandscapeRight";
				INFOPLIST_KEY_UISupportedInterfaceOrientations_iPhone = "UIInterfaceOrientationPortrait UIInterfaceOrientationLandscapeLeft UIInterfaceOrientationLandscapeRight";
				LD_RUNPATH_SEARCH_PATHS = (
					"$(inherited)",
					"@executable_path/Frameworks",
				);
				MARKETING_VERSION = 1.0;
				PRODUCT_BUNDLE_IDENTIFIER = info.ImageView;
				PRODUCT_NAME = "$(TARGET_NAME)";
				SWIFT_EMIT_LOC_STRINGS = YES;
				SWIFT_VERSION = 5.0;
				TARGETED_DEVICE_FAMILY = "1,2";
			};
			name = Debug;
		};
		11D5AE582A59A3BF0002F0E6 /* Release */ = {
			isa = XCBuildConfiguration;
			buildSettings = {
				ASSETCATALOG_COMPILER_APPICON_NAME = AppIcon;
				ASSETCATALOG_COMPILER_GLOBAL_ACCENT_COLOR_NAME = AccentColor;
				CODE_SIGN_STYLE = Automatic;
				CURRENT_PROJECT_VERSION = 1;
				GENERATE_INFOPLIST_FILE = YES;
				INFOPLIST_FILE = ImageView/Info.plist;
				INFOPLIST_KEY_UIApplicationSupportsIndirectInputEvents = YES;
				INFOPLIST_KEY_UILaunchStoryboardName = LaunchScreen;
				INFOPLIST_KEY_UIMainStoryboardFile = Main;
				INFOPLIST_KEY_UISupportedInterfaceOrientations_iPad = "UIInterfaceOrientationPortrait UIInterfaceOrientationPortraitUpsideDown UIInterfaceOrientationLandscapeLeft UIInterfaceOrientationLandscapeRight";
				INFOPLIST_KEY_UISupportedInterfaceOrientations_iPhone = "UIInterfaceOrientationPortrait UIInterfaceOrientationLandscapeLeft UIInterfaceOrientationLandscapeRight";
				LD_RUNPATH_SEARCH_PATHS = (
					"$(inherited)",
					"@executable_path/Frameworks",
				);
				MARKETING_VERSION = 1.0;
				PRODUCT_BUNDLE_IDENTIFIER = info.ImageView;
				PRODUCT_NAME = "$(TARGET_NAME)";
				SWIFT_EMIT_LOC_STRINGS = YES;
				SWIFT_VERSION = 5.0;
				TARGETED_DEVICE_FAMILY = "1,2";
			};
			name = Release;
		};
		11D5AE5A2A59A3BF0002F0E6 /* Debug */ = {
			isa = XCBuildConfiguration;
			buildSettings = {
				ALWAYS_EMBED_SWIFT_STANDARD_LIBRARIES = YES;
				BUNDLE_LOADER = "$(TEST_HOST)";
				CODE_SIGN_STYLE = Automatic;
				CURRENT_PROJECT_VERSION = 1;
				GENERATE_INFOPLIST_FILE = YES;
				IPHONEOS_DEPLOYMENT_TARGET = 16.4;
				MARKETING_VERSION = 1.0;
				PRODUCT_BUNDLE_IDENTIFIER = info.ImageViewTests;
				PRODUCT_NAME = "$(TARGET_NAME)";
				SWIFT_EMIT_LOC_STRINGS = NO;
				SWIFT_VERSION = 5.0;
				TARGETED_DEVICE_FAMILY = "1,2";
				TEST_HOST = "$(BUILT_PRODUCTS_DIR)/ImageView.app/$(BUNDLE_EXECUTABLE_FOLDER_PATH)/ImageView";
			};
			name = Debug;
		};
		11D5AE5B2A59A3BF0002F0E6 /* Release */ = {
			isa = XCBuildConfiguration;
			buildSettings = {
				ALWAYS_EMBED_SWIFT_STANDARD_LIBRARIES = YES;
				BUNDLE_LOADER = "$(TEST_HOST)";
				CODE_SIGN_STYLE = Automatic;
				CURRENT_PROJECT_VERSION = 1;
				GENERATE_INFOPLIST_FILE = YES;
				IPHONEOS_DEPLOYMENT_TARGET = 16.4;
				MARKETING_VERSION = 1.0;
				PRODUCT_BUNDLE_IDENTIFIER = info.ImageViewTests;
				PRODUCT_NAME = "$(TARGET_NAME)";
				SWIFT_EMIT_LOC_STRINGS = NO;
				SWIFT_VERSION = 5.0;
				TARGETED_DEVICE_FAMILY = "1,2";
				TEST_HOST = "$(BUILT_PRODUCTS_DIR)/ImageView.app/$(BUNDLE_EXECUTABLE_FOLDER_PATH)/ImageView";
			};
			name = Release;
		};
		11D5AE5D2A59A3BF0002F0E6 /* Debug */ = {
			isa = XCBuildConfiguration;
			buildSettings = {
				ALWAYS_EMBED_SWIFT_STANDARD_LIBRARIES = YES;
				CODE_SIGN_STYLE = Automatic;
				CURRENT_PROJECT_VERSION = 1;
				GENERATE_INFOPLIST_FILE = YES;
				MARKETING_VERSION = 1.0;
				PRODUCT_BUNDLE_IDENTIFIER = info.ImageViewUITests;
				PRODUCT_NAME = "$(TARGET_NAME)";
				SWIFT_EMIT_LOC_STRINGS = NO;
				SWIFT_VERSION = 5.0;
				TARGETED_DEVICE_FAMILY = "1,2";
				TEST_TARGET_NAME = ImageView;
			};
			name = Debug;
		};
		11D5AE5E2A59A3BF0002F0E6 /* Release */ = {
			isa = XCBuildConfiguration;
			buildSettings = {
				ALWAYS_EMBED_SWIFT_STANDARD_LIBRARIES = YES;
				CODE_SIGN_STYLE = Automatic;
				CURRENT_PROJECT_VERSION = 1;
				GENERATE_INFOPLIST_FILE = YES;
				MARKETING_VERSION = 1.0;
				PRODUCT_BUNDLE_IDENTIFIER = info.ImageViewUITests;
				PRODUCT_NAME = "$(TARGET_NAME)";
				SWIFT_EMIT_LOC_STRINGS = NO;
				SWIFT_VERSION = 5.0;
				TARGETED_DEVICE_FAMILY = "1,2";
				TEST_TARGET_NAME = ImageView;
			};
			name = Release;
		};
/* End XCBuildConfiguration section */

/* Begin XCConfigurationList section */
		11D5AE272A59A3BE0002F0E6 /* Build configuration list for PBXProject "ImageView" */ = {
			isa = XCConfigurationList;
			buildConfigurations = (
				11D5AE542A59A3BF0002F0E6 /* Debug */,
				11D5AE552A59A3BF0002F0E6 /* Release */,
			);
			defaultConfigurationIsVisible = 0;
			defaultConfigurationName = Release;
		};
		11D5AE562A59A3BF0002F0E6 /* Build configuration list for PBXNativeTarget "ImageView" */ = {
			isa = XCConfigurationList;
			buildConfigurations = (
				11D5AE572A59A3BF0002F0E6 /* Debug */,
				11D5AE582A59A3BF0002F0E6 /* Release */,
			);
			defaultConfigurationIsVisible = 0;
			defaultConfigurationName = Release;
		};
		11D5AE592A59A3BF0002F0E6 /* Build configuration list for PBXNativeTarget "ImageViewTests" */ = {
			isa = XCConfigurationList;
			buildConfigurations = (
				11D5AE5A2A59A3BF0002F0E6 /* Debug */,
				11D5AE5B2A59A3BF0002F0E6 /* Release */,
			);
			defaultConfigurationIsVisible = 0;
			defaultConfigurationName = Release;
		};
		11D5AE5C2A59A3BF0002F0E6 /* Build configuration list for PBXNativeTarget "ImageViewUITests" */ = {
			isa = XCConfigurationList;
			buildConfigurations = (
				11D5AE5D2A59A3BF0002F0E6 /* Debug */,
				11D5AE5E2A59A3BF0002F0E6 /* Release */,
			);
			defaultConfigurationIsVisible = 0;
			defaultConfigurationName = Release;
		};
/* End XCConfigurationList section */
	};
	rootObject = 11D5AE242A59A3BE0002F0E6 /* Project object */;
}
